
Microsoft Visual Studio Solution File, Format Version 12.00
# Visual Studio 15
VisualStudioVersion = 15.0.26124.0
MinimumVisualStudioVersion = 15.0.26124.0
Project("{2150E333-8FDC-42A3-9474-1A3956D46DE8}") = "src", "src", "{B3CB0F4A-7AC8-4013-9A98-447B545B6D4D}"
EndProject
Project("{2150E333-8FDC-42A3-9474-1A3956D46DE8}") = "tests", "tests", "{5363B041-F638-4B18-8F1A-A0CB0DEFD3FE}"
EndProject
Project("{FAE04EC0-301F-11D3-BF4B-00C04F79EFBC}") = "Catalog.API", "src\Catalog.API\Catalog.API.csproj", "{9FECAA48-29B4-4A41-9106-E8DA02A5E9ED}"
EndProject
Project("{FAE04EC0-301F-11D3-BF4B-00C04F79EFBC}") = "Catalog.Infrastructure", "src\Catalog.Infrastructure\Catalog.Infrastructure.csproj", "{24E26BEA-F2CA-46DD-8443-270014E58F0A}"
EndProject
Project("{FAE04EC0-301F-11D3-BF4B-00C04F79EFBC}") = "Catalog.Domain", "src\Catalog.Domain\Catalog.Domain.csproj", "{A3ADB3BF-217A-443F-BF6A-16CC3E54A9C1}"
EndProject
Project("{FAE04EC0-301F-11D3-BF4B-00C04F79EFBC}") = "Catalog.Fixtures", "tests\Catalog.Fixtures\Catalog.Fixtures.csproj", "{0E6E96F6-665E-41BD-9BB5-8A0600C569D4}"
EndProject
Project("{FAE04EC0-301F-11D3-BF4B-00C04F79EFBC}") = "Catalog.Infrastructure.Tests", "tests\Catalog.Infrastructure.Tests\Catalog.Infrastructure.Tests.csproj", "{F8653D23-B80B-4EBA-9366-458F895AEDF9}"
EndProject
Project("{FAE04EC0-301F-11D3-BF4B-00C04F79EFBC}") = "Catalog.Domain.Tests", "tests\Catalog.Domain.Tests\Catalog.Domain.Tests.csproj", "{DEA33097-5474-4781-A6B0-7D2F4B955259}"
EndProject
Project("{FAE04EC0-301F-11D3-BF4B-00C04F79EFBC}") = "Catalog.API.Tests", "tests\Catalog.API.Tests\Catalog.API.Tests.csproj", "{0D8FCFE4-1ABE-4AF9-86A1-D22A7CECA0B6}"
EndProject
Global
	GlobalSection(SolutionConfigurationPlatforms) = preSolution
		Debug|Any CPU = Debug|Any CPU
		Debug|x64 = Debug|x64
		Debug|x86 = Debug|x86
		Release|Any CPU = Release|Any CPU
		Release|x64 = Release|x64
		Release|x86 = Release|x86
	EndGlobalSection
	GlobalSection(SolutionProperties) = preSolution
		HideSolutionNode = FALSE
	EndGlobalSection
	GlobalSection(ProjectConfigurationPlatforms) = postSolution
		{9FECAA48-29B4-4A41-9106-E8DA02A5E9ED}.Debug|Any CPU.ActiveCfg = Debug|Any CPU
		{9FECAA48-29B4-4A41-9106-E8DA02A5E9ED}.Debug|Any CPU.Build.0 = Debug|Any CPU
		{9FECAA48-29B4-4A41-9106-E8DA02A5E9ED}.Debug|x64.ActiveCfg = Debug|Any CPU
		{9FECAA48-29B4-4A41-9106-E8DA02A5E9ED}.Debug|x64.Build.0 = Debug|Any CPU
		{9FECAA48-29B4-4A41-9106-E8DA02A5E9ED}.Debug|x86.ActiveCfg = Debug|Any CPU
		{9FECAA48-29B4-4A41-9106-E8DA02A5E9ED}.Debug|x86.Build.0 = Debug|Any CPU
		{9FECAA48-29B4-4A41-9106-E8DA02A5E9ED}.Release|Any CPU.ActiveCfg = Release|Any CPU
		{9FECAA48-29B4-4A41-9106-E8DA02A5E9ED}.Release|Any CPU.Build.0 = Release|Any CPU
		{9FECAA48-29B4-4A41-9106-E8DA02A5E9ED}.Release|x64.ActiveCfg = Release|Any CPU
		{9FECAA48-29B4-4A41-9106-E8DA02A5E9ED}.Release|x64.Build.0 = Release|Any CPU
		{9FECAA48-29B4-4A41-9106-E8DA02A5E9ED}.Release|x86.ActiveCfg = Release|Any CPU
		{9FECAA48-29B4-4A41-9106-E8DA02A5E9ED}.Release|x86.Build.0 = Release|Any CPU
		{24E26BEA-F2CA-46DD-8443-270014E58F0A}.Debug|Any CPU.ActiveCfg = Debug|Any CPU
		{24E26BEA-F2CA-46DD-8443-270014E58F0A}.Debug|Any CPU.Build.0 = Debug|Any CPU
		{24E26BEA-F2CA-46DD-8443-270014E58F0A}.Debug|x64.ActiveCfg = Debug|Any CPU
		{24E26BEA-F2CA-46DD-8443-270014E58F0A}.Debug|x64.Build.0 = Debug|Any CPU
		{24E26BEA-F2CA-46DD-8443-270014E58F0A}.Debug|x86.ActiveCfg = Debug|Any CPU
		{24E26BEA-F2CA-46DD-8443-270014E58F0A}.Debug|x86.Build.0 = Debug|Any CPU
		{24E26BEA-F2CA-46DD-8443-270014E58F0A}.Release|Any CPU.ActiveCfg = Release|Any CPU
		{24E26BEA-F2CA-46DD-8443-270014E58F0A}.Release|Any CPU.Build.0 = Release|Any CPU
		{24E26BEA-F2CA-46DD-8443-270014E58F0A}.Release|x64.ActiveCfg = Release|Any CPU
		{24E26BEA-F2CA-46DD-8443-270014E58F0A}.Release|x64.Build.0 = Release|Any CPU
		{24E26BEA-F2CA-46DD-8443-270014E58F0A}.Release|x86.ActiveCfg = Release|Any CPU
		{24E26BEA-F2CA-46DD-8443-270014E58F0A}.Release|x86.Build.0 = Release|Any CPU
		{A3ADB3BF-217A-443F-BF6A-16CC3E54A9C1}.Debug|Any CPU.ActiveCfg = Debug|Any CPU
		{A3ADB3BF-217A-443F-BF6A-16CC3E54A9C1}.Debug|Any CPU.Build.0 = Debug|Any CPU
		{A3ADB3BF-217A-443F-BF6A-16CC3E54A9C1}.Debug|x64.ActiveCfg = Debug|Any CPU
		{A3ADB3BF-217A-443F-BF6A-16CC3E54A9C1}.Debug|x64.Build.0 = Debug|Any CPU
		{A3ADB3BF-217A-443F-BF6A-16CC3E54A9C1}.Debug|x86.ActiveCfg = Debug|Any CPU
		{A3ADB3BF-217A-443F-BF6A-16CC3E54A9C1}.Debug|x86.Build.0 = Debug|Any CPU
		{A3ADB3BF-217A-443F-BF6A-16CC3E54A9C1}.Release|Any CPU.ActiveCfg = Release|Any CPU
		{A3ADB3BF-217A-443F-BF6A-16CC3E54A9C1}.Release|Any CPU.Build.0 = Release|Any CPU
		{A3ADB3BF-217A-443F-BF6A-16CC3E54A9C1}.Release|x64.ActiveCfg = Release|Any CPU
		{A3ADB3BF-217A-443F-BF6A-16CC3E54A9C1}.Release|x64.Build.0 = Release|Any CPU
		{A3ADB3BF-217A-443F-BF6A-16CC3E54A9C1}.Release|x86.ActiveCfg = Release|Any CPU
		{A3ADB3BF-217A-443F-BF6A-16CC3E54A9C1}.Release|x86.Build.0 = Release|Any CPU
		{0E6E96F6-665E-41BD-9BB5-8A0600C569D4}.Debug|Any CPU.ActiveCfg = Debug|Any CPU
		{0E6E96F6-665E-41BD-9BB5-8A0600C569D4}.Debug|Any CPU.Build.0 = Debug|Any CPU
		{0E6E96F6-665E-41BD-9BB5-8A0600C569D4}.Debug|x64.ActiveCfg = Debug|Any CPU
		{0E6E96F6-665E-41BD-9BB5-8A0600C569D4}.Debug|x64.Build.0 = Debug|Any CPU
		{0E6E96F6-665E-41BD-9BB5-8A0600C569D4}.Debug|x86.ActiveCfg = Debug|Any CPU
		{0E6E96F6-665E-41BD-9BB5-8A0600C569D4}.Debug|x86.Build.0 = Debug|Any CPU
		{0E6E96F6-665E-41BD-9BB5-8A0600C569D4}.Release|Any CPU.ActiveCfg = Release|Any CPU
		{0E6E96F6-665E-41BD-9BB5-8A0600C569D4}.Release|Any CPU.Build.0 = Release|Any CPU
		{0E6E96F6-665E-41BD-9BB5-8A0600C569D4}.Release|x64.ActiveCfg = Release|Any CPU
		{0E6E96F6-665E-41BD-9BB5-8A0600C569D4}.Release|x64.Build.0 = Release|Any CPU
		{0E6E96F6-665E-41BD-9BB5-8A0600C569D4}.Release|x86.ActiveCfg = Release|Any CPU
		{0E6E96F6-665E-41BD-9BB5-8A0600C569D4}.Release|x86.Build.0 = Release|Any CPU
		{F8653D23-B80B-4EBA-9366-458F895AEDF9}.Debug|Any CPU.ActiveCfg = Debug|Any CPU
		{F8653D23-B80B-4EBA-9366-458F895AEDF9}.Debug|Any CPU.Build.0 = Debug|Any CPU
		{F8653D23-B80B-4EBA-9366-458F895AEDF9}.Debug|x64.ActiveCfg = Debug|Any CPU
		{F8653D23-B80B-4EBA-9366-458F895AEDF9}.Debug|x64.Build.0 = Debug|Any CPU
		{F8653D23-B80B-4EBA-9366-458F895AEDF9}.Debug|x86.ActiveCfg = Debug|Any CPU
		{F8653D23-B80B-4EBA-9366-458F895AEDF9}.Debug|x86.Build.0 = Debug|Any CPU
		{F8653D23-B80B-4EBA-9366-458F895AEDF9}.Release|Any CPU.ActiveCfg = Release|Any CPU
		{F8653D23-B80B-4EBA-9366-458F895AEDF9}.Release|Any CPU.Build.0 = Release|Any CPU
		{F8653D23-B80B-4EBA-9366-458F895AEDF9}.Release|x64.ActiveCfg = Release|Any CPU
		{F8653D23-B80B-4EBA-9366-458F895AEDF9}.Release|x64.Build.0 = Release|Any CPU
		{F8653D23-B80B-4EBA-9366-458F895AEDF9}.Release|x86.ActiveCfg = Release|Any CPU
		{F8653D23-B80B-4EBA-9366-458F895AEDF9}.Release|x86.Build.0 = Release|Any CPU
		{DEA33097-5474-4781-A6B0-7D2F4B955259}.Debug|Any CPU.ActiveCfg = Debug|Any CPU
		{DEA33097-5474-4781-A6B0-7D2F4B955259}.Debug|Any CPU.Build.0 = Debug|Any CPU
		{DEA33097-5474-4781-A6B0-7D2F4B955259}.Debug|x64.ActiveCfg = Debug|Any CPU
		{DEA33097-5474-4781-A6B0-7D2F4B955259}.Debug|x64.Build.0 = Debug|Any CPU
		{DEA33097-5474-4781-A6B0-7D2F4B955259}.Debug|x86.ActiveCfg = Debug|Any CPU
		{DEA33097-5474-4781-A6B0-7D2F4B955259}.Debug|x86.Build.0 = Debug|Any CPU
		{DEA33097-5474-4781-A6B0-7D2F4B955259}.Release|Any CPU.ActiveCfg = Release|Any CPU
		{DEA33097-5474-4781-A6B0-7D2F4B955259}.Release|Any CPU.Build.0 = Release|Any CPU
		{DEA33097-5474-4781-A6B0-7D2F4B955259}.Release|x64.ActiveCfg = Release|Any CPU
		{DEA33097-5474-4781-A6B0-7D2F4B955259}.Release|x64.Build.0 = Release|Any CPU
		{DEA33097-5474-4781-A6B0-7D2F4B955259}.Release|x86.ActiveCfg = Release|Any CPU
		{DEA33097-5474-4781-A6B0-7D2F4B955259}.Release|x86.Build.0 = Release|Any CPU
		{0D8FCFE4-1ABE-4AF9-86A1-D22A7CECA0B6}.Debug|Any CPU.ActiveCfg = Debug|Any CPU
		{0D8FCFE4-1ABE-4AF9-86A1-D22A7CECA0B6}.Debug|Any CPU.Build.0 = Debug|Any CPU
		{0D8FCFE4-1ABE-4AF9-86A1-D22A7CECA0B6}.Debug|x64.ActiveCfg = Debug|Any CPU
		{0D8FCFE4-1ABE-4AF9-86A1-D22A7CECA0B6}.Debug|x64.Build.0 = Debug|Any CPU
		{0D8FCFE4-1ABE-4AF9-86A1-D22A7CECA0B6}.Debug|x86.ActiveCfg = Debug|Any CPU
		{0D8FCFE4-1ABE-4AF9-86A1-D22A7CECA0B6}.Debug|x86.Build.0 = Debug|Any CPU
		{0D8FCFE4-1ABE-4AF9-86A1-D22A7CECA0B6}.Release|Any CPU.ActiveCfg = Release|Any CPU
		{0D8FCFE4-1ABE-4AF9-86A1-D22A7CECA0B6}.Release|Any CPU.Build.0 = Release|Any CPU
		{0D8FCFE4-1ABE-4AF9-86A1-D22A7CECA0B6}.Release|x64.ActiveCfg = Release|Any CPU
		{0D8FCFE4-1ABE-4AF9-86A1-D22A7CECA0B6}.Release|x64.Build.0 = Release|Any CPU
		{0D8FCFE4-1ABE-4AF9-86A1-D22A7CECA0B6}.Release|x86.ActiveCfg = Release|Any CPU
		{0D8FCFE4-1ABE-4AF9-86A1-D22A7CECA0B6}.Release|x86.Build.0 = Release|Any CPU
	EndGlobalSection
	GlobalSection(NestedProjects) = preSolution
		{9FECAA48-29B4-4A41-9106-E8DA02A5E9ED} = {B3CB0F4A-7AC8-4013-9A98-447B545B6D4D}
		{24E26BEA-F2CA-46DD-8443-270014E58F0A} = {B3CB0F4A-7AC8-4013-9A98-447B545B6D4D}
		{A3ADB3BF-217A-443F-BF6A-16CC3E54A9C1} = {B3CB0F4A-7AC8-4013-9A98-447B545B6D4D}
		{0E6E96F6-665E-41BD-9BB5-8A0600C569D4} = {5363B041-F638-4B18-8F1A-A0CB0DEFD3FE}
		{F8653D23-B80B-4EBA-9366-458F895AEDF9} = {5363B041-F638-4B18-8F1A-A0CB0DEFD3FE}
		{DEA33097-5474-4781-A6B0-7D2F4B955259} = {5363B041-F638-4B18-8F1A-A0CB0DEFD3FE}
		{0D8FCFE4-1ABE-4AF9-86A1-D22A7CECA0B6} = {5363B041-F638-4B18-8F1A-A0CB0DEFD3FE}
	EndGlobalSection
EndGlobal
