
Microsoft Visual Studio Solution File, Format Version 12.00
# Visual Studio 15
VisualStudioVersion = 15.0.26124.0
MinimumVisualStudioVersion = 15.0.26124.0
Project("{2150E333-8FDC-42A3-9474-1A3956D46DE8}") = "src", "src", "{3BB1FBF9-8FBD-4A4F-A140-6C201B731AE7}"
EndProject
Project("{2150E333-8FDC-42A3-9474-1A3956D46DE8}") = "tests", "tests", "{FB7DD863-FD63-4582-B586-8EE98E7317C5}"
EndProject
Project("{FAE04EC0-301F-11D3-BF4B-00C04F79EFBC}") = "VinylStore.Cart.Infrastructure", "src\VinylStore.Cart.Infrastructure\VinylStore.Cart.Infrastructure.csproj", "{41A32C7A-4FC6-4AC4-AAED-D507E64B94E2}"
EndProject
Project("{FAE04EC0-301F-11D3-BF4B-00C04F79EFBC}") = "VinylStore.Cart.Domain", "src\VinylStore.Cart.Domain\VinylStore.Cart.Domain.csproj", "{E60E08C8-2A40-4139-860E-15B67D76186E}"
EndProject
Project("{FAE04EC0-301F-11D3-BF4B-00C04F79EFBC}") = "VinylStore.Cart.Domain.Tests", "tests\VinylStore.Cart.Domain.Tests\VinylStore.Cart.Domain.Tests.csproj", "{9F1B651F-CE46-411D-A6B4-5C75FB3FF239}"
EndProject
Project("{FAE04EC0-301F-11D3-BF4B-00C04F79EFBC}") = "VinylStore.Cart.Fixtures", "tests\VinylStore.Cart.Fixtures\VinylStore.Cart.Fixtures.csproj", "{8F7CF260-5F35-484B-9A19-49F4234F93F0}"
EndProject
Project("{FAE04EC0-301F-11D3-BF4B-00C04F79EFBC}") = "VinylStore.Cart.API", "src\VinylStore.Cart.API\VinylStore.Cart.API.csproj", "{51315333-B507-4A99-ABAC-18443D1EED53}"
EndProject
Project("{FAE04EC0-301F-11D3-BF4B-00C04F79EFBC}") = "VinylStore.Cart.API.Tests", "tests\VinylStore.Cart.API.Tests\VinylStore.Cart.API.Tests.csproj", "{D7FB417E-6DFC-4910-AABC-A9F016674701}"
EndProject
Project("{FAE04EC0-301F-11D3-BF4B-00C04F79EFBC}") = "VinylStore.Cart.Events", "src\VinylStore.Cart.Events\VinylStore.Cart.Events.csproj", "{80D7C4C9-4A0D-4513-9B88-96DCE30AE92F}"
EndProject
Global
	GlobalSection(SolutionConfigurationPlatforms) = preSolution
		Debug|Any CPU = Debug|Any CPU
		Debug|x64 = Debug|x64
		Debug|x86 = Debug|x86
		Release|Any CPU = Release|Any CPU
		Release|x64 = Release|x64
		Release|x86 = Release|x86
	EndGlobalSection
	GlobalSection(SolutionProperties) = preSolution
		HideSolutionNode = FALSE
	EndGlobalSection
	GlobalSection(NestedProjects) = preSolution
		{41A32C7A-4FC6-4AC4-AAED-D507E64B94E2} = {3BB1FBF9-8FBD-4A4F-A140-6C201B731AE7}
		{E60E08C8-2A40-4139-860E-15B67D76186E} = {3BB1FBF9-8FBD-4A4F-A140-6C201B731AE7}
		{9F1B651F-CE46-411D-A6B4-5C75FB3FF239} = {FB7DD863-FD63-4582-B586-8EE98E7317C5}
		{8F7CF260-5F35-484B-9A19-49F4234F93F0} = {FB7DD863-FD63-4582-B586-8EE98E7317C5}
		{51315333-B507-4A99-ABAC-18443D1EED53} = {3BB1FBF9-8FBD-4A4F-A140-6C201B731AE7}
		{D7FB417E-6DFC-4910-AABC-A9F016674701} = {FB7DD863-FD63-4582-B586-8EE98E7317C5}
		{80D7C4C9-4A0D-4513-9B88-96DCE30AE92F} = {3BB1FBF9-8FBD-4A4F-A140-6C201B731AE7}
	EndGlobalSection
	GlobalSection(ProjectConfigurationPlatforms) = postSolution
		{41A32C7A-4FC6-4AC4-AAED-D507E64B94E2}.Debug|Any CPU.ActiveCfg = Debug|Any CPU
		{41A32C7A-4FC6-4AC4-AAED-D507E64B94E2}.Debug|Any CPU.Build.0 = Debug|Any CPU
		{41A32C7A-4FC6-4AC4-AAED-D507E64B94E2}.Debug|x64.ActiveCfg = Debug|Any CPU
		{41A32C7A-4FC6-4AC4-AAED-D507E64B94E2}.Debug|x64.Build.0 = Debug|Any CPU
		{41A32C7A-4FC6-4AC4-AAED-D507E64B94E2}.Debug|x86.ActiveCfg = Debug|Any CPU
		{41A32C7A-4FC6-4AC4-AAED-D507E64B94E2}.Debug|x86.Build.0 = Debug|Any CPU
		{41A32C7A-4FC6-4AC4-AAED-D507E64B94E2}.Release|Any CPU.ActiveCfg = Release|Any CPU
		{41A32C7A-4FC6-4AC4-AAED-D507E64B94E2}.Release|Any CPU.Build.0 = Release|Any CPU
		{41A32C7A-4FC6-4AC4-AAED-D507E64B94E2}.Release|x64.ActiveCfg = Release|Any CPU
		{41A32C7A-4FC6-4AC4-AAED-D507E64B94E2}.Release|x64.Build.0 = Release|Any CPU
		{41A32C7A-4FC6-4AC4-AAED-D507E64B94E2}.Release|x86.ActiveCfg = Release|Any CPU
		{41A32C7A-4FC6-4AC4-AAED-D507E64B94E2}.Release|x86.Build.0 = Release|Any CPU
		{E60E08C8-2A40-4139-860E-15B67D76186E}.Debug|Any CPU.ActiveCfg = Debug|Any CPU
		{E60E08C8-2A40-4139-860E-15B67D76186E}.Debug|Any CPU.Build.0 = Debug|Any CPU
		{E60E08C8-2A40-4139-860E-15B67D76186E}.Debug|x64.ActiveCfg = Debug|Any CPU
		{E60E08C8-2A40-4139-860E-15B67D76186E}.Debug|x64.Build.0 = Debug|Any CPU
		{E60E08C8-2A40-4139-860E-15B67D76186E}.Debug|x86.ActiveCfg = Debug|Any CPU
		{E60E08C8-2A40-4139-860E-15B67D76186E}.Debug|x86.Build.0 = Debug|Any CPU
		{E60E08C8-2A40-4139-860E-15B67D76186E}.Release|Any CPU.ActiveCfg = Release|Any CPU
		{E60E08C8-2A40-4139-860E-15B67D76186E}.Release|Any CPU.Build.0 = Release|Any CPU
		{E60E08C8-2A40-4139-860E-15B67D76186E}.Release|x64.ActiveCfg = Release|Any CPU
		{E60E08C8-2A40-4139-860E-15B67D76186E}.Release|x64.Build.0 = Release|Any CPU
		{E60E08C8-2A40-4139-860E-15B67D76186E}.Release|x86.ActiveCfg = Release|Any CPU
		{E60E08C8-2A40-4139-860E-15B67D76186E}.Release|x86.Build.0 = Release|Any CPU
		{9F1B651F-CE46-411D-A6B4-5C75FB3FF239}.Debug|Any CPU.ActiveCfg = Debug|Any CPU
		{9F1B651F-CE46-411D-A6B4-5C75FB3FF239}.Debug|Any CPU.Build.0 = Debug|Any CPU
		{9F1B651F-CE46-411D-A6B4-5C75FB3FF239}.Debug|x64.ActiveCfg = Debug|Any CPU
		{9F1B651F-CE46-411D-A6B4-5C75FB3FF239}.Debug|x64.Build.0 = Debug|Any CPU
		{9F1B651F-CE46-411D-A6B4-5C75FB3FF239}.Debug|x86.ActiveCfg = Debug|Any CPU
		{9F1B651F-CE46-411D-A6B4-5C75FB3FF239}.Debug|x86.Build.0 = Debug|Any CPU
		{9F1B651F-CE46-411D-A6B4-5C75FB3FF239}.Release|Any CPU.ActiveCfg = Release|Any CPU
		{9F1B651F-CE46-411D-A6B4-5C75FB3FF239}.Release|Any CPU.Build.0 = Release|Any CPU
		{9F1B651F-CE46-411D-A6B4-5C75FB3FF239}.Release|x64.ActiveCfg = Release|Any CPU
		{9F1B651F-CE46-411D-A6B4-5C75FB3FF239}.Release|x64.Build.0 = Release|Any CPU
		{9F1B651F-CE46-411D-A6B4-5C75FB3FF239}.Release|x86.ActiveCfg = Release|Any CPU
		{9F1B651F-CE46-411D-A6B4-5C75FB3FF239}.Release|x86.Build.0 = Release|Any CPU
		{8F7CF260-5F35-484B-9A19-49F4234F93F0}.Debug|Any CPU.ActiveCfg = Debug|Any CPU
		{8F7CF260-5F35-484B-9A19-49F4234F93F0}.Debug|Any CPU.Build.0 = Debug|Any CPU
		{8F7CF260-5F35-484B-9A19-49F4234F93F0}.Debug|x64.ActiveCfg = Debug|Any CPU
		{8F7CF260-5F35-484B-9A19-49F4234F93F0}.Debug|x64.Build.0 = Debug|Any CPU
		{8F7CF260-5F35-484B-9A19-49F4234F93F0}.Debug|x86.ActiveCfg = Debug|Any CPU
		{8F7CF260-5F35-484B-9A19-49F4234F93F0}.Debug|x86.Build.0 = Debug|Any CPU
		{8F7CF260-5F35-484B-9A19-49F4234F93F0}.Release|Any CPU.ActiveCfg = Release|Any CPU
		{8F7CF260-5F35-484B-9A19-49F4234F93F0}.Release|Any CPU.Build.0 = Release|Any CPU
		{8F7CF260-5F35-484B-9A19-49F4234F93F0}.Release|x64.ActiveCfg = Release|Any CPU
		{8F7CF260-5F35-484B-9A19-49F4234F93F0}.Release|x64.Build.0 = Release|Any CPU
		{8F7CF260-5F35-484B-9A19-49F4234F93F0}.Release|x86.ActiveCfg = Release|Any CPU
		{8F7CF260-5F35-484B-9A19-49F4234F93F0}.Release|x86.Build.0 = Release|Any CPU
		{51315333-B507-4A99-ABAC-18443D1EED53}.Debug|Any CPU.ActiveCfg = Debug|Any CPU
		{51315333-B507-4A99-ABAC-18443D1EED53}.Debug|Any CPU.Build.0 = Debug|Any CPU
		{51315333-B507-4A99-ABAC-18443D1EED53}.Debug|x64.ActiveCfg = Debug|Any CPU
		{51315333-B507-4A99-ABAC-18443D1EED53}.Debug|x64.Build.0 = Debug|Any CPU
		{51315333-B507-4A99-ABAC-18443D1EED53}.Debug|x86.ActiveCfg = Debug|Any CPU
		{51315333-B507-4A99-ABAC-18443D1EED53}.Debug|x86.Build.0 = Debug|Any CPU
		{51315333-B507-4A99-ABAC-18443D1EED53}.Release|Any CPU.ActiveCfg = Release|Any CPU
		{51315333-B507-4A99-ABAC-18443D1EED53}.Release|Any CPU.Build.0 = Release|Any CPU
		{51315333-B507-4A99-ABAC-18443D1EED53}.Release|x64.ActiveCfg = Release|Any CPU
		{51315333-B507-4A99-ABAC-18443D1EED53}.Release|x64.Build.0 = Release|Any CPU
		{51315333-B507-4A99-ABAC-18443D1EED53}.Release|x86.ActiveCfg = Release|Any CPU
		{51315333-B507-4A99-ABAC-18443D1EED53}.Release|x86.Build.0 = Release|Any CPU
		{D7FB417E-6DFC-4910-AABC-A9F016674701}.Debug|Any CPU.ActiveCfg = Debug|Any CPU
		{D7FB417E-6DFC-4910-AABC-A9F016674701}.Debug|Any CPU.Build.0 = Debug|Any CPU
		{D7FB417E-6DFC-4910-AABC-A9F016674701}.Debug|x64.ActiveCfg = Debug|Any CPU
		{D7FB417E-6DFC-4910-AABC-A9F016674701}.Debug|x64.Build.0 = Debug|Any CPU
		{D7FB417E-6DFC-4910-AABC-A9F016674701}.Debug|x86.ActiveCfg = Debug|Any CPU
		{D7FB417E-6DFC-4910-AABC-A9F016674701}.Debug|x86.Build.0 = Debug|Any CPU
		{D7FB417E-6DFC-4910-AABC-A9F016674701}.Release|Any CPU.ActiveCfg = Release|Any CPU
		{D7FB417E-6DFC-4910-AABC-A9F016674701}.Release|Any CPU.Build.0 = Release|Any CPU
		{D7FB417E-6DFC-4910-AABC-A9F016674701}.Release|x64.ActiveCfg = Release|Any CPU
		{D7FB417E-6DFC-4910-AABC-A9F016674701}.Release|x64.Build.0 = Release|Any CPU
		{D7FB417E-6DFC-4910-AABC-A9F016674701}.Release|x86.ActiveCfg = Release|Any CPU
		{D7FB417E-6DFC-4910-AABC-A9F016674701}.Release|x86.Build.0 = Release|Any CPU
		{80D7C4C9-4A0D-4513-9B88-96DCE30AE92F}.Debug|Any CPU.ActiveCfg = Debug|Any CPU
		{80D7C4C9-4A0D-4513-9B88-96DCE30AE92F}.Debug|Any CPU.Build.0 = Debug|Any CPU
		{80D7C4C9-4A0D-4513-9B88-96DCE30AE92F}.Debug|x64.ActiveCfg = Debug|Any CPU
		{80D7C4C9-4A0D-4513-9B88-96DCE30AE92F}.Debug|x64.Build.0 = Debug|Any CPU
		{80D7C4C9-4A0D-4513-9B88-96DCE30AE92F}.Debug|x86.ActiveCfg = Debug|Any CPU
		{80D7C4C9-4A0D-4513-9B88-96DCE30AE92F}.Debug|x86.Build.0 = Debug|Any CPU
		{80D7C4C9-4A0D-4513-9B88-96DCE30AE92F}.Release|Any CPU.ActiveCfg = Release|Any CPU
		{80D7C4C9-4A0D-4513-9B88-96DCE30AE92F}.Release|Any CPU.Build.0 = Release|Any CPU
		{80D7C4C9-4A0D-4513-9B88-96DCE30AE92F}.Release|x64.ActiveCfg = Release|Any CPU
		{80D7C4C9-4A0D-4513-9B88-96DCE30AE92F}.Release|x64.Build.0 = Release|Any CPU
		{80D7C4C9-4A0D-4513-9B88-96DCE30AE92F}.Release|x86.ActiveCfg = Release|Any CPU
		{80D7C4C9-4A0D-4513-9B88-96DCE30AE92F}.Release|x86.Build.0 = Release|Any CPU
	EndGlobalSection
EndGlobal
