
Microsoft Visual Studio Solution File, Format Version 12.00
# Visual Studio 15
VisualStudioVersion = 15.0.26124.0
MinimumVisualStudioVersion = 15.0.26124.0
Project("{2150E333-8FDC-42A3-9474-1A3956D46DE8}") = "src", "src", "{3BB1FBF9-8FBD-4A4F-A140-6C201B731AE7}"
EndProject
Project("{2150E333-8FDC-42A3-9474-1A3956D46DE8}") = "tests", "tests", "{FB7DD863-FD63-4582-B586-8EE98E7317C5}"
EndProject
Project("{FAE04EC0-301F-11D3-BF4B-00C04F79EFBC}") = "Cart.Infrastructure", "src\Cart.Infrastructure\Cart.Infrastructure.csproj", "{67B9A05D-F34B-4AAC-A139-CCFA5F730BC8}"
EndProject
Project("{FAE04EC0-301F-11D3-BF4B-00C04F79EFBC}") = "Cart.Domain", "src\Cart.Domain\Cart.Domain.csproj", "{13240156-61B0-4B54-B12F-669F5384CEB2}"
EndProject
Project("{FAE04EC0-301F-11D3-BF4B-00C04F79EFBC}") = "Cart.API", "src\Cart.API\Cart.API.csproj", "{56434B26-DA69-42E2-AE18-3191EC947B14}"
EndProject
Project("{FAE04EC0-301F-11D3-BF4B-00C04F79EFBC}") = "Cart.Fixtures", "tests\Cart.Fixtures\Cart.Fixtures.csproj", "{70BFB0F7-2058-4C6E-ADDA-E0551FC1C52B}"
EndProject
Project("{FAE04EC0-301F-11D3-BF4B-00C04F79EFBC}") = "Cart.Domain.Tests", "tests\Cart.Domain.Tests\Cart.Domain.Tests.csproj", "{CFB9C15B-F2B2-4535-8999-8E8EE82B19B2}"
EndProject
Project("{FAE04EC0-301F-11D3-BF4B-00C04F79EFBC}") = "Cart.API.Tests", "tests\Cart.API.Tests\Cart.API.Tests.csproj", "{2593B592-C36F-4C27-8FE3-5F127A938FC5}"
EndProject
Global
	GlobalSection(SolutionConfigurationPlatforms) = preSolution
		Debug|Any CPU = Debug|Any CPU
		Debug|x64 = Debug|x64
		Debug|x86 = Debug|x86
		Release|Any CPU = Release|Any CPU
		Release|x64 = Release|x64
		Release|x86 = Release|x86
	EndGlobalSection
	GlobalSection(SolutionProperties) = preSolution
		HideSolutionNode = FALSE
	EndGlobalSection
	GlobalSection(NestedProjects) = preSolution
		{67B9A05D-F34B-4AAC-A139-CCFA5F730BC8} = {3BB1FBF9-8FBD-4A4F-A140-6C201B731AE7}
		{13240156-61B0-4B54-B12F-669F5384CEB2} = {3BB1FBF9-8FBD-4A4F-A140-6C201B731AE7}
		{56434B26-DA69-42E2-AE18-3191EC947B14} = {3BB1FBF9-8FBD-4A4F-A140-6C201B731AE7}
		{70BFB0F7-2058-4C6E-ADDA-E0551FC1C52B} = {FB7DD863-FD63-4582-B586-8EE98E7317C5}
		{CFB9C15B-F2B2-4535-8999-8E8EE82B19B2} = {FB7DD863-FD63-4582-B586-8EE98E7317C5}
		{2593B592-C36F-4C27-8FE3-5F127A938FC5} = {FB7DD863-FD63-4582-B586-8EE98E7317C5}
	EndGlobalSection
	GlobalSection(ProjectConfigurationPlatforms) = postSolution
		{67B9A05D-F34B-4AAC-A139-CCFA5F730BC8}.Debug|Any CPU.ActiveCfg = Debug|Any CPU
		{67B9A05D-F34B-4AAC-A139-CCFA5F730BC8}.Debug|Any CPU.Build.0 = Debug|Any CPU
		{67B9A05D-F34B-4AAC-A139-CCFA5F730BC8}.Debug|x64.ActiveCfg = Debug|Any CPU
		{67B9A05D-F34B-4AAC-A139-CCFA5F730BC8}.Debug|x64.Build.0 = Debug|Any CPU
		{67B9A05D-F34B-4AAC-A139-CCFA5F730BC8}.Debug|x86.ActiveCfg = Debug|Any CPU
		{67B9A05D-F34B-4AAC-A139-CCFA5F730BC8}.Debug|x86.Build.0 = Debug|Any CPU
		{67B9A05D-F34B-4AAC-A139-CCFA5F730BC8}.Release|Any CPU.ActiveCfg = Release|Any CPU
		{67B9A05D-F34B-4AAC-A139-CCFA5F730BC8}.Release|Any CPU.Build.0 = Release|Any CPU
		{67B9A05D-F34B-4AAC-A139-CCFA5F730BC8}.Release|x64.ActiveCfg = Release|Any CPU
		{67B9A05D-F34B-4AAC-A139-CCFA5F730BC8}.Release|x64.Build.0 = Release|Any CPU
		{67B9A05D-F34B-4AAC-A139-CCFA5F730BC8}.Release|x86.ActiveCfg = Release|Any CPU
		{67B9A05D-F34B-4AAC-A139-CCFA5F730BC8}.Release|x86.Build.0 = Release|Any CPU
		{13240156-61B0-4B54-B12F-669F5384CEB2}.Debug|Any CPU.ActiveCfg = Debug|Any CPU
		{13240156-61B0-4B54-B12F-669F5384CEB2}.Debug|Any CPU.Build.0 = Debug|Any CPU
		{13240156-61B0-4B54-B12F-669F5384CEB2}.Debug|x64.ActiveCfg = Debug|Any CPU
		{13240156-61B0-4B54-B12F-669F5384CEB2}.Debug|x64.Build.0 = Debug|Any CPU
		{13240156-61B0-4B54-B12F-669F5384CEB2}.Debug|x86.ActiveCfg = Debug|Any CPU
		{13240156-61B0-4B54-B12F-669F5384CEB2}.Debug|x86.Build.0 = Debug|Any CPU
		{13240156-61B0-4B54-B12F-669F5384CEB2}.Release|Any CPU.ActiveCfg = Release|Any CPU
		{13240156-61B0-4B54-B12F-669F5384CEB2}.Release|Any CPU.Build.0 = Release|Any CPU
		{13240156-61B0-4B54-B12F-669F5384CEB2}.Release|x64.ActiveCfg = Release|Any CPU
		{13240156-61B0-4B54-B12F-669F5384CEB2}.Release|x64.Build.0 = Release|Any CPU
		{13240156-61B0-4B54-B12F-669F5384CEB2}.Release|x86.ActiveCfg = Release|Any CPU
		{13240156-61B0-4B54-B12F-669F5384CEB2}.Release|x86.Build.0 = Release|Any CPU
		{56434B26-DA69-42E2-AE18-3191EC947B14}.Debug|Any CPU.ActiveCfg = Debug|Any CPU
		{56434B26-DA69-42E2-AE18-3191EC947B14}.Debug|Any CPU.Build.0 = Debug|Any CPU
		{56434B26-DA69-42E2-AE18-3191EC947B14}.Debug|x64.ActiveCfg = Debug|Any CPU
		{56434B26-DA69-42E2-AE18-3191EC947B14}.Debug|x64.Build.0 = Debug|Any CPU
		{56434B26-DA69-42E2-AE18-3191EC947B14}.Debug|x86.ActiveCfg = Debug|Any CPU
		{56434B26-DA69-42E2-AE18-3191EC947B14}.Debug|x86.Build.0 = Debug|Any CPU
		{56434B26-DA69-42E2-AE18-3191EC947B14}.Release|Any CPU.ActiveCfg = Release|Any CPU
		{56434B26-DA69-42E2-AE18-3191EC947B14}.Release|Any CPU.Build.0 = Release|Any CPU
		{56434B26-DA69-42E2-AE18-3191EC947B14}.Release|x64.ActiveCfg = Release|Any CPU
		{56434B26-DA69-42E2-AE18-3191EC947B14}.Release|x64.Build.0 = Release|Any CPU
		{56434B26-DA69-42E2-AE18-3191EC947B14}.Release|x86.ActiveCfg = Release|Any CPU
		{56434B26-DA69-42E2-AE18-3191EC947B14}.Release|x86.Build.0 = Release|Any CPU
		{70BFB0F7-2058-4C6E-ADDA-E0551FC1C52B}.Debug|Any CPU.ActiveCfg = Debug|Any CPU
		{70BFB0F7-2058-4C6E-ADDA-E0551FC1C52B}.Debug|Any CPU.Build.0 = Debug|Any CPU
		{70BFB0F7-2058-4C6E-ADDA-E0551FC1C52B}.Debug|x64.ActiveCfg = Debug|Any CPU
		{70BFB0F7-2058-4C6E-ADDA-E0551FC1C52B}.Debug|x64.Build.0 = Debug|Any CPU
		{70BFB0F7-2058-4C6E-ADDA-E0551FC1C52B}.Debug|x86.ActiveCfg = Debug|Any CPU
		{70BFB0F7-2058-4C6E-ADDA-E0551FC1C52B}.Debug|x86.Build.0 = Debug|Any CPU
		{70BFB0F7-2058-4C6E-ADDA-E0551FC1C52B}.Release|Any CPU.ActiveCfg = Release|Any CPU
		{70BFB0F7-2058-4C6E-ADDA-E0551FC1C52B}.Release|Any CPU.Build.0 = Release|Any CPU
		{70BFB0F7-2058-4C6E-ADDA-E0551FC1C52B}.Release|x64.ActiveCfg = Release|Any CPU
		{70BFB0F7-2058-4C6E-ADDA-E0551FC1C52B}.Release|x64.Build.0 = Release|Any CPU
		{70BFB0F7-2058-4C6E-ADDA-E0551FC1C52B}.Release|x86.ActiveCfg = Release|Any CPU
		{70BFB0F7-2058-4C6E-ADDA-E0551FC1C52B}.Release|x86.Build.0 = Release|Any CPU
		{CFB9C15B-F2B2-4535-8999-8E8EE82B19B2}.Debug|Any CPU.ActiveCfg = Debug|Any CPU
		{CFB9C15B-F2B2-4535-8999-8E8EE82B19B2}.Debug|Any CPU.Build.0 = Debug|Any CPU
		{CFB9C15B-F2B2-4535-8999-8E8EE82B19B2}.Debug|x64.ActiveCfg = Debug|Any CPU
		{CFB9C15B-F2B2-4535-8999-8E8EE82B19B2}.Debug|x64.Build.0 = Debug|Any CPU
		{CFB9C15B-F2B2-4535-8999-8E8EE82B19B2}.Debug|x86.ActiveCfg = Debug|Any CPU
		{CFB9C15B-F2B2-4535-8999-8E8EE82B19B2}.Debug|x86.Build.0 = Debug|Any CPU
		{CFB9C15B-F2B2-4535-8999-8E8EE82B19B2}.Release|Any CPU.ActiveCfg = Release|Any CPU
		{CFB9C15B-F2B2-4535-8999-8E8EE82B19B2}.Release|Any CPU.Build.0 = Release|Any CPU
		{CFB9C15B-F2B2-4535-8999-8E8EE82B19B2}.Release|x64.ActiveCfg = Release|Any CPU
		{CFB9C15B-F2B2-4535-8999-8E8EE82B19B2}.Release|x64.Build.0 = Release|Any CPU
		{CFB9C15B-F2B2-4535-8999-8E8EE82B19B2}.Release|x86.ActiveCfg = Release|Any CPU
		{CFB9C15B-F2B2-4535-8999-8E8EE82B19B2}.Release|x86.Build.0 = Release|Any CPU
		{2593B592-C36F-4C27-8FE3-5F127A938FC5}.Debug|Any CPU.ActiveCfg = Debug|Any CPU
		{2593B592-C36F-4C27-8FE3-5F127A938FC5}.Debug|Any CPU.Build.0 = Debug|Any CPU
		{2593B592-C36F-4C27-8FE3-5F127A938FC5}.Debug|x64.ActiveCfg = Debug|Any CPU
		{2593B592-C36F-4C27-8FE3-5F127A938FC5}.Debug|x64.Build.0 = Debug|Any CPU
		{2593B592-C36F-4C27-8FE3-5F127A938FC5}.Debug|x86.ActiveCfg = Debug|Any CPU
		{2593B592-C36F-4C27-8FE3-5F127A938FC5}.Debug|x86.Build.0 = Debug|Any CPU
		{2593B592-C36F-4C27-8FE3-5F127A938FC5}.Release|Any CPU.ActiveCfg = Release|Any CPU
		{2593B592-C36F-4C27-8FE3-5F127A938FC5}.Release|Any CPU.Build.0 = Release|Any CPU
		{2593B592-C36F-4C27-8FE3-5F127A938FC5}.Release|x64.ActiveCfg = Release|Any CPU
		{2593B592-C36F-4C27-8FE3-5F127A938FC5}.Release|x64.Build.0 = Release|Any CPU
		{2593B592-C36F-4C27-8FE3-5F127A938FC5}.Release|x86.ActiveCfg = Release|Any CPU
		{2593B592-C36F-4C27-8FE3-5F127A938FC5}.Release|x86.Build.0 = Release|Any CPU
	EndGlobalSection
EndGlobal
