
Microsoft Visual Studio Solution File, Format Version 12.00
# Visual Studio 15
VisualStudioVersion = 15.0.26124.0
MinimumVisualStudioVersion = 15.0.26124.0
Project("{2150E333-8FDC-42A3-9474-1A3956D46DE8}") = "src", "src", "{B3CB0F4A-7AC8-4013-9A98-447B545B6D4D}"
EndProject
Project("{FAE04EC0-301F-11D3-BF4B-00C04F79EFBC}") = "VinylStore.Catalog.API", "src\VinylStore.Catalog.API\VinylStore.Catalog.API.csproj", "{42AEF3BA-5BF1-4016-B23A-97CEC46C6892}"
EndProject
Project("{FAE04EC0-301F-11D3-BF4B-00C04F79EFBC}") = "VinylStore.Catalog.Domain", "src\VinylStore.Catalog.Domain\VinylStore.Catalog.Domain.csproj", "{B17B369E-3613-42BC-9501-85F699A73EB3}"
EndProject
Project("{FAE04EC0-301F-11D3-BF4B-00C04F79EFBC}") = "VinylStore.Catalog.Infrastructure", "src\VinylStore.Catalog.Infrastructure\VinylStore.Catalog.Infrastructure.csproj", "{278C6C99-CEEA-4CAB-99C2-11819932C9BE}"
EndProject
Project("{2150E333-8FDC-42A3-9474-1A3956D46DE8}") = "tests", "tests", "{5363B041-F638-4B18-8F1A-A0CB0DEFD3FE}"
EndProject
Project("{FAE04EC0-301F-11D3-BF4B-00C04F79EFBC}") = "VinylStore.Catalog.Infrastructure.Tests", "tests\VinylStore.Catalog.Infrastructure.Tests\VinylStore.Catalog.Infrastructure.Tests.csproj", "{D540B1CF-028C-4752-8D16-DA67B012825B}"
EndProject
Project("{FAE04EC0-301F-11D3-BF4B-00C04F79EFBC}") = "VinylStore.Catalog.Domain.Tests", "tests\VinylStore.Catalog.Domain.Tests\VinylStore.Catalog.Domain.Tests.csproj", "{5A79E2E7-480A-4897-8040-74B939702372}"
EndProject
Project("{FAE04EC0-301F-11D3-BF4B-00C04F79EFBC}") = "VinylStore.Catalog.Fixtures", "tests\VinylStore.Catalog.Fixtures\VinylStore.Catalog.Fixtures.csproj", "{F1D26D36-9138-4092-B6F6-DE152234BCEE}"
EndProject
Project("{FAE04EC0-301F-11D3-BF4B-00C04F79EFBC}") = "VinylStore.Catalog.API.Tests", "tests\VinylStore.Catalog.API.Tests\VinylStore.Catalog.API.Tests.csproj", "{AA37C35D-9823-4D95-8FBF-00639A7F97AB}"
EndProject
Project("{FAE04EC0-301F-11D3-BF4B-00C04F79EFBC}") = "VinylStore.Catalog.API.Contract", "src\VinylStore.Catalog.API.Contract\VinylStore.Catalog.API.Contract.csproj", "{864D95F5-02A0-4EFE-9E76-E966C17DE70C}"
EndProject
Project("{FAE04EC0-301F-11D3-BF4B-00C04F79EFBC}") = "VinylStore.Catalog.API.Client", "src\VinylStore.Catalog.API.Client\VinylStore.Catalog.API.Client.csproj", "{1BC7D412-B3D5-4E62-8175-C0F30D32D517}"
EndProject
Global
	GlobalSection(SolutionConfigurationPlatforms) = preSolution
		Debug|Any CPU = Debug|Any CPU
		Debug|x64 = Debug|x64
		Debug|x86 = Debug|x86
		Release|Any CPU = Release|Any CPU
		Release|x64 = Release|x64
		Release|x86 = Release|x86
	EndGlobalSection
	GlobalSection(SolutionProperties) = preSolution
		HideSolutionNode = FALSE
	EndGlobalSection
	GlobalSection(ProjectConfigurationPlatforms) = postSolution
		{42AEF3BA-5BF1-4016-B23A-97CEC46C6892}.Debug|Any CPU.ActiveCfg = Debug|Any CPU
		{42AEF3BA-5BF1-4016-B23A-97CEC46C6892}.Debug|Any CPU.Build.0 = Debug|Any CPU
		{42AEF3BA-5BF1-4016-B23A-97CEC46C6892}.Debug|x64.ActiveCfg = Debug|Any CPU
		{42AEF3BA-5BF1-4016-B23A-97CEC46C6892}.Debug|x64.Build.0 = Debug|Any CPU
		{42AEF3BA-5BF1-4016-B23A-97CEC46C6892}.Debug|x86.ActiveCfg = Debug|Any CPU
		{42AEF3BA-5BF1-4016-B23A-97CEC46C6892}.Debug|x86.Build.0 = Debug|Any CPU
		{42AEF3BA-5BF1-4016-B23A-97CEC46C6892}.Release|Any CPU.ActiveCfg = Release|Any CPU
		{42AEF3BA-5BF1-4016-B23A-97CEC46C6892}.Release|Any CPU.Build.0 = Release|Any CPU
		{42AEF3BA-5BF1-4016-B23A-97CEC46C6892}.Release|x64.ActiveCfg = Release|Any CPU
		{42AEF3BA-5BF1-4016-B23A-97CEC46C6892}.Release|x64.Build.0 = Release|Any CPU
		{42AEF3BA-5BF1-4016-B23A-97CEC46C6892}.Release|x86.ActiveCfg = Release|Any CPU
		{42AEF3BA-5BF1-4016-B23A-97CEC46C6892}.Release|x86.Build.0 = Release|Any CPU
		{B17B369E-3613-42BC-9501-85F699A73EB3}.Debug|Any CPU.ActiveCfg = Debug|Any CPU
		{B17B369E-3613-42BC-9501-85F699A73EB3}.Debug|Any CPU.Build.0 = Debug|Any CPU
		{B17B369E-3613-42BC-9501-85F699A73EB3}.Debug|x64.ActiveCfg = Debug|Any CPU
		{B17B369E-3613-42BC-9501-85F699A73EB3}.Debug|x64.Build.0 = Debug|Any CPU
		{B17B369E-3613-42BC-9501-85F699A73EB3}.Debug|x86.ActiveCfg = Debug|Any CPU
		{B17B369E-3613-42BC-9501-85F699A73EB3}.Debug|x86.Build.0 = Debug|Any CPU
		{B17B369E-3613-42BC-9501-85F699A73EB3}.Release|Any CPU.ActiveCfg = Release|Any CPU
		{B17B369E-3613-42BC-9501-85F699A73EB3}.Release|Any CPU.Build.0 = Release|Any CPU
		{B17B369E-3613-42BC-9501-85F699A73EB3}.Release|x64.ActiveCfg = Release|Any CPU
		{B17B369E-3613-42BC-9501-85F699A73EB3}.Release|x64.Build.0 = Release|Any CPU
		{B17B369E-3613-42BC-9501-85F699A73EB3}.Release|x86.ActiveCfg = Release|Any CPU
		{B17B369E-3613-42BC-9501-85F699A73EB3}.Release|x86.Build.0 = Release|Any CPU
		{278C6C99-CEEA-4CAB-99C2-11819932C9BE}.Debug|Any CPU.ActiveCfg = Debug|Any CPU
		{278C6C99-CEEA-4CAB-99C2-11819932C9BE}.Debug|Any CPU.Build.0 = Debug|Any CPU
		{278C6C99-CEEA-4CAB-99C2-11819932C9BE}.Debug|x64.ActiveCfg = Debug|Any CPU
		{278C6C99-CEEA-4CAB-99C2-11819932C9BE}.Debug|x64.Build.0 = Debug|Any CPU
		{278C6C99-CEEA-4CAB-99C2-11819932C9BE}.Debug|x86.ActiveCfg = Debug|Any CPU
		{278C6C99-CEEA-4CAB-99C2-11819932C9BE}.Debug|x86.Build.0 = Debug|Any CPU
		{278C6C99-CEEA-4CAB-99C2-11819932C9BE}.Release|Any CPU.ActiveCfg = Release|Any CPU
		{278C6C99-CEEA-4CAB-99C2-11819932C9BE}.Release|Any CPU.Build.0 = Release|Any CPU
		{278C6C99-CEEA-4CAB-99C2-11819932C9BE}.Release|x64.ActiveCfg = Release|Any CPU
		{278C6C99-CEEA-4CAB-99C2-11819932C9BE}.Release|x64.Build.0 = Release|Any CPU
		{278C6C99-CEEA-4CAB-99C2-11819932C9BE}.Release|x86.ActiveCfg = Release|Any CPU
		{278C6C99-CEEA-4CAB-99C2-11819932C9BE}.Release|x86.Build.0 = Release|Any CPU
		{D540B1CF-028C-4752-8D16-DA67B012825B}.Debug|Any CPU.ActiveCfg = Debug|Any CPU
		{D540B1CF-028C-4752-8D16-DA67B012825B}.Debug|Any CPU.Build.0 = Debug|Any CPU
		{D540B1CF-028C-4752-8D16-DA67B012825B}.Debug|x64.ActiveCfg = Debug|Any CPU
		{D540B1CF-028C-4752-8D16-DA67B012825B}.Debug|x64.Build.0 = Debug|Any CPU
		{D540B1CF-028C-4752-8D16-DA67B012825B}.Debug|x86.ActiveCfg = Debug|Any CPU
		{D540B1CF-028C-4752-8D16-DA67B012825B}.Debug|x86.Build.0 = Debug|Any CPU
		{D540B1CF-028C-4752-8D16-DA67B012825B}.Release|Any CPU.ActiveCfg = Release|Any CPU
		{D540B1CF-028C-4752-8D16-DA67B012825B}.Release|Any CPU.Build.0 = Release|Any CPU
		{D540B1CF-028C-4752-8D16-DA67B012825B}.Release|x64.ActiveCfg = Release|Any CPU
		{D540B1CF-028C-4752-8D16-DA67B012825B}.Release|x64.Build.0 = Release|Any CPU
		{D540B1CF-028C-4752-8D16-DA67B012825B}.Release|x86.ActiveCfg = Release|Any CPU
		{D540B1CF-028C-4752-8D16-DA67B012825B}.Release|x86.Build.0 = Release|Any CPU
		{5A79E2E7-480A-4897-8040-74B939702372}.Debug|Any CPU.ActiveCfg = Debug|Any CPU
		{5A79E2E7-480A-4897-8040-74B939702372}.Debug|Any CPU.Build.0 = Debug|Any CPU
		{5A79E2E7-480A-4897-8040-74B939702372}.Debug|x64.ActiveCfg = Debug|Any CPU
		{5A79E2E7-480A-4897-8040-74B939702372}.Debug|x64.Build.0 = Debug|Any CPU
		{5A79E2E7-480A-4897-8040-74B939702372}.Debug|x86.ActiveCfg = Debug|Any CPU
		{5A79E2E7-480A-4897-8040-74B939702372}.Debug|x86.Build.0 = Debug|Any CPU
		{5A79E2E7-480A-4897-8040-74B939702372}.Release|Any CPU.ActiveCfg = Release|Any CPU
		{5A79E2E7-480A-4897-8040-74B939702372}.Release|Any CPU.Build.0 = Release|Any CPU
		{5A79E2E7-480A-4897-8040-74B939702372}.Release|x64.ActiveCfg = Release|Any CPU
		{5A79E2E7-480A-4897-8040-74B939702372}.Release|x64.Build.0 = Release|Any CPU
		{5A79E2E7-480A-4897-8040-74B939702372}.Release|x86.ActiveCfg = Release|Any CPU
		{5A79E2E7-480A-4897-8040-74B939702372}.Release|x86.Build.0 = Release|Any CPU
		{F1D26D36-9138-4092-B6F6-DE152234BCEE}.Debug|Any CPU.ActiveCfg = Debug|Any CPU
		{F1D26D36-9138-4092-B6F6-DE152234BCEE}.Debug|Any CPU.Build.0 = Debug|Any CPU
		{F1D26D36-9138-4092-B6F6-DE152234BCEE}.Debug|x64.ActiveCfg = Debug|Any CPU
		{F1D26D36-9138-4092-B6F6-DE152234BCEE}.Debug|x64.Build.0 = Debug|Any CPU
		{F1D26D36-9138-4092-B6F6-DE152234BCEE}.Debug|x86.ActiveCfg = Debug|Any CPU
		{F1D26D36-9138-4092-B6F6-DE152234BCEE}.Debug|x86.Build.0 = Debug|Any CPU
		{F1D26D36-9138-4092-B6F6-DE152234BCEE}.Release|Any CPU.ActiveCfg = Release|Any CPU
		{F1D26D36-9138-4092-B6F6-DE152234BCEE}.Release|Any CPU.Build.0 = Release|Any CPU
		{F1D26D36-9138-4092-B6F6-DE152234BCEE}.Release|x64.ActiveCfg = Release|Any CPU
		{F1D26D36-9138-4092-B6F6-DE152234BCEE}.Release|x64.Build.0 = Release|Any CPU
		{F1D26D36-9138-4092-B6F6-DE152234BCEE}.Release|x86.ActiveCfg = Release|Any CPU
		{F1D26D36-9138-4092-B6F6-DE152234BCEE}.Release|x86.Build.0 = Release|Any CPU
		{AA37C35D-9823-4D95-8FBF-00639A7F97AB}.Debug|Any CPU.ActiveCfg = Debug|Any CPU
		{AA37C35D-9823-4D95-8FBF-00639A7F97AB}.Debug|Any CPU.Build.0 = Debug|Any CPU
		{AA37C35D-9823-4D95-8FBF-00639A7F97AB}.Debug|x64.ActiveCfg = Debug|Any CPU
		{AA37C35D-9823-4D95-8FBF-00639A7F97AB}.Debug|x64.Build.0 = Debug|Any CPU
		{AA37C35D-9823-4D95-8FBF-00639A7F97AB}.Debug|x86.ActiveCfg = Debug|Any CPU
		{AA37C35D-9823-4D95-8FBF-00639A7F97AB}.Debug|x86.Build.0 = Debug|Any CPU
		{AA37C35D-9823-4D95-8FBF-00639A7F97AB}.Release|Any CPU.ActiveCfg = Release|Any CPU
		{AA37C35D-9823-4D95-8FBF-00639A7F97AB}.Release|Any CPU.Build.0 = Release|Any CPU
		{AA37C35D-9823-4D95-8FBF-00639A7F97AB}.Release|x64.ActiveCfg = Release|Any CPU
		{AA37C35D-9823-4D95-8FBF-00639A7F97AB}.Release|x64.Build.0 = Release|Any CPU
		{AA37C35D-9823-4D95-8FBF-00639A7F97AB}.Release|x86.ActiveCfg = Release|Any CPU
		{AA37C35D-9823-4D95-8FBF-00639A7F97AB}.Release|x86.Build.0 = Release|Any CPU
		{864D95F5-02A0-4EFE-9E76-E966C17DE70C}.Debug|Any CPU.ActiveCfg = Debug|Any CPU
		{864D95F5-02A0-4EFE-9E76-E966C17DE70C}.Debug|Any CPU.Build.0 = Debug|Any CPU
		{864D95F5-02A0-4EFE-9E76-E966C17DE70C}.Debug|x64.ActiveCfg = Debug|Any CPU
		{864D95F5-02A0-4EFE-9E76-E966C17DE70C}.Debug|x64.Build.0 = Debug|Any CPU
		{864D95F5-02A0-4EFE-9E76-E966C17DE70C}.Debug|x86.ActiveCfg = Debug|Any CPU
		{864D95F5-02A0-4EFE-9E76-E966C17DE70C}.Debug|x86.Build.0 = Debug|Any CPU
		{864D95F5-02A0-4EFE-9E76-E966C17DE70C}.Release|Any CPU.ActiveCfg = Release|Any CPU
		{864D95F5-02A0-4EFE-9E76-E966C17DE70C}.Release|Any CPU.Build.0 = Release|Any CPU
		{864D95F5-02A0-4EFE-9E76-E966C17DE70C}.Release|x64.ActiveCfg = Release|Any CPU
		{864D95F5-02A0-4EFE-9E76-E966C17DE70C}.Release|x64.Build.0 = Release|Any CPU
		{864D95F5-02A0-4EFE-9E76-E966C17DE70C}.Release|x86.ActiveCfg = Release|Any CPU
		{864D95F5-02A0-4EFE-9E76-E966C17DE70C}.Release|x86.Build.0 = Release|Any CPU
		{1BC7D412-B3D5-4E62-8175-C0F30D32D517}.Debug|Any CPU.ActiveCfg = Debug|Any CPU
		{1BC7D412-B3D5-4E62-8175-C0F30D32D517}.Debug|Any CPU.Build.0 = Debug|Any CPU
		{1BC7D412-B3D5-4E62-8175-C0F30D32D517}.Debug|x64.ActiveCfg = Debug|Any CPU
		{1BC7D412-B3D5-4E62-8175-C0F30D32D517}.Debug|x64.Build.0 = Debug|Any CPU
		{1BC7D412-B3D5-4E62-8175-C0F30D32D517}.Debug|x86.ActiveCfg = Debug|Any CPU
		{1BC7D412-B3D5-4E62-8175-C0F30D32D517}.Debug|x86.Build.0 = Debug|Any CPU
		{1BC7D412-B3D5-4E62-8175-C0F30D32D517}.Release|Any CPU.ActiveCfg = Release|Any CPU
		{1BC7D412-B3D5-4E62-8175-C0F30D32D517}.Release|Any CPU.Build.0 = Release|Any CPU
		{1BC7D412-B3D5-4E62-8175-C0F30D32D517}.Release|x64.ActiveCfg = Release|Any CPU
		{1BC7D412-B3D5-4E62-8175-C0F30D32D517}.Release|x64.Build.0 = Release|Any CPU
		{1BC7D412-B3D5-4E62-8175-C0F30D32D517}.Release|x86.ActiveCfg = Release|Any CPU
		{1BC7D412-B3D5-4E62-8175-C0F30D32D517}.Release|x86.Build.0 = Release|Any CPU
	EndGlobalSection
	GlobalSection(NestedProjects) = preSolution
		{42AEF3BA-5BF1-4016-B23A-97CEC46C6892} = {B3CB0F4A-7AC8-4013-9A98-447B545B6D4D}
		{B17B369E-3613-42BC-9501-85F699A73EB3} = {B3CB0F4A-7AC8-4013-9A98-447B545B6D4D}
		{278C6C99-CEEA-4CAB-99C2-11819932C9BE} = {B3CB0F4A-7AC8-4013-9A98-447B545B6D4D}
		{D540B1CF-028C-4752-8D16-DA67B012825B} = {5363B041-F638-4B18-8F1A-A0CB0DEFD3FE}
		{5A79E2E7-480A-4897-8040-74B939702372} = {5363B041-F638-4B18-8F1A-A0CB0DEFD3FE}
		{F1D26D36-9138-4092-B6F6-DE152234BCEE} = {5363B041-F638-4B18-8F1A-A0CB0DEFD3FE}
		{AA37C35D-9823-4D95-8FBF-00639A7F97AB} = {5363B041-F638-4B18-8F1A-A0CB0DEFD3FE}
		{864D95F5-02A0-4EFE-9E76-E966C17DE70C} = {B3CB0F4A-7AC8-4013-9A98-447B545B6D4D}
		{1BC7D412-B3D5-4E62-8175-C0F30D32D517} = {B3CB0F4A-7AC8-4013-9A98-447B545B6D4D}
	EndGlobalSection
EndGlobal
