
Microsoft Visual Studio Solution File, Format Version 12.00
# Visual Studio 15
VisualStudioVersion = 15.0.26124.0
MinimumVisualStudioVersion = 15.0.26124.0
Project("{2150E333-8FDC-42A3-9474-1A3956D46DE8}") = "src", "src", "{B3CB0F4A-7AC8-4013-9A98-447B545B6D4D}"
EndProject
Project("{2150E333-8FDC-42A3-9474-1A3956D46DE8}") = "tests", "tests", "{5363B041-F638-4B18-8F1A-A0CB0DEFD3FE}"
EndProject
Project("{FAE04EC0-301F-11D3-BF4B-00C04F79EFBC}") = "Catalog.Infrastructure", "src\Catalog.Infrastructure\Catalog.Infrastructure.csproj", "{47555988-FBB7-4463-98B2-56DE4333EF36}"
EndProject
Project("{FAE04EC0-301F-11D3-BF4B-00C04F79EFBC}") = "Catalog.Domain", "src\Catalog.Domain\Catalog.Domain.csproj", "{A8D5BE05-71E6-4D6F-816D-E08FFC561303}"
EndProject
Project("{FAE04EC0-301F-11D3-BF4B-00C04F79EFBC}") = "Catalog.API", "src\Catalog.API\Catalog.API.csproj", "{82F438B3-3DD1-49FB-B1D4-F48CC2928537}"
EndProject
Project("{FAE04EC0-301F-11D3-BF4B-00C04F79EFBC}") = "Catalog.Infrastructure.Tests", "tests\Catalog.Infrastructure.Tests\Catalog.Infrastructure.Tests.csproj", "{AF11C37A-2491-4450-9FC4-CFE6D05696F9}"
EndProject
Project("{FAE04EC0-301F-11D3-BF4B-00C04F79EFBC}") = "Catalog.Fixtures", "tests\Catalog.Fixtures\Catalog.Fixtures.csproj", "{E5DD5CB6-8330-4B99-967F-0EC2433059D5}"
EndProject
Project("{FAE04EC0-301F-11D3-BF4B-00C04F79EFBC}") = "Catalog.API.Tests", "tests\Catalog.API.Tests\Catalog.API.Tests.csproj", "{D1E4983A-DBB0-41A8-A227-CFE6CEDDD98C}"
EndProject
Project("{FAE04EC0-301F-11D3-BF4B-00C04F79EFBC}") = "Catalog.Domain.Tests", "tests\Catalog.Domain.Tests\Catalog.Domain.Tests.csproj", "{FA9EF964-6D07-4B59-8D92-16D7F1A21024}"
EndProject
Project("{FAE04EC0-301F-11D3-BF4B-00C04F79EFBC}") = "Catalog.API.Contract", "src\Catalog.API.Contract\Catalog.API.Contract.csproj", "{DA369C5F-7120-4A8C-9598-10B11E4A77A3}"
EndProject
Project("{FAE04EC0-301F-11D3-BF4B-00C04F79EFBC}") = "Catalog.API.Client", "src\Catalog.API.Client\Catalog.API.Client.csproj", "{2537D8E0-622B-4F53-926A-33968E69E894}"
EndProject
Global
	GlobalSection(SolutionConfigurationPlatforms) = preSolution
		Debug|Any CPU = Debug|Any CPU
		Debug|x64 = Debug|x64
		Debug|x86 = Debug|x86
		Release|Any CPU = Release|Any CPU
		Release|x64 = Release|x64
		Release|x86 = Release|x86
	EndGlobalSection
	GlobalSection(SolutionProperties) = preSolution
		HideSolutionNode = FALSE
	EndGlobalSection
	GlobalSection(ProjectConfigurationPlatforms) = postSolution
		{47555988-FBB7-4463-98B2-56DE4333EF36}.Debug|Any CPU.ActiveCfg = Debug|Any CPU
		{47555988-FBB7-4463-98B2-56DE4333EF36}.Debug|Any CPU.Build.0 = Debug|Any CPU
		{47555988-FBB7-4463-98B2-56DE4333EF36}.Debug|x64.ActiveCfg = Debug|Any CPU
		{47555988-FBB7-4463-98B2-56DE4333EF36}.Debug|x64.Build.0 = Debug|Any CPU
		{47555988-FBB7-4463-98B2-56DE4333EF36}.Debug|x86.ActiveCfg = Debug|Any CPU
		{47555988-FBB7-4463-98B2-56DE4333EF36}.Debug|x86.Build.0 = Debug|Any CPU
		{47555988-FBB7-4463-98B2-56DE4333EF36}.Release|Any CPU.ActiveCfg = Release|Any CPU
		{47555988-FBB7-4463-98B2-56DE4333EF36}.Release|Any CPU.Build.0 = Release|Any CPU
		{47555988-FBB7-4463-98B2-56DE4333EF36}.Release|x64.ActiveCfg = Release|Any CPU
		{47555988-FBB7-4463-98B2-56DE4333EF36}.Release|x64.Build.0 = Release|Any CPU
		{47555988-FBB7-4463-98B2-56DE4333EF36}.Release|x86.ActiveCfg = Release|Any CPU
		{47555988-FBB7-4463-98B2-56DE4333EF36}.Release|x86.Build.0 = Release|Any CPU
		{A8D5BE05-71E6-4D6F-816D-E08FFC561303}.Debug|Any CPU.ActiveCfg = Debug|Any CPU
		{A8D5BE05-71E6-4D6F-816D-E08FFC561303}.Debug|Any CPU.Build.0 = Debug|Any CPU
		{A8D5BE05-71E6-4D6F-816D-E08FFC561303}.Debug|x64.ActiveCfg = Debug|Any CPU
		{A8D5BE05-71E6-4D6F-816D-E08FFC561303}.Debug|x64.Build.0 = Debug|Any CPU
		{A8D5BE05-71E6-4D6F-816D-E08FFC561303}.Debug|x86.ActiveCfg = Debug|Any CPU
		{A8D5BE05-71E6-4D6F-816D-E08FFC561303}.Debug|x86.Build.0 = Debug|Any CPU
		{A8D5BE05-71E6-4D6F-816D-E08FFC561303}.Release|Any CPU.ActiveCfg = Release|Any CPU
		{A8D5BE05-71E6-4D6F-816D-E08FFC561303}.Release|Any CPU.Build.0 = Release|Any CPU
		{A8D5BE05-71E6-4D6F-816D-E08FFC561303}.Release|x64.ActiveCfg = Release|Any CPU
		{A8D5BE05-71E6-4D6F-816D-E08FFC561303}.Release|x64.Build.0 = Release|Any CPU
		{A8D5BE05-71E6-4D6F-816D-E08FFC561303}.Release|x86.ActiveCfg = Release|Any CPU
		{A8D5BE05-71E6-4D6F-816D-E08FFC561303}.Release|x86.Build.0 = Release|Any CPU
		{82F438B3-3DD1-49FB-B1D4-F48CC2928537}.Debug|Any CPU.ActiveCfg = Debug|Any CPU
		{82F438B3-3DD1-49FB-B1D4-F48CC2928537}.Debug|Any CPU.Build.0 = Debug|Any CPU
		{82F438B3-3DD1-49FB-B1D4-F48CC2928537}.Debug|x64.ActiveCfg = Debug|Any CPU
		{82F438B3-3DD1-49FB-B1D4-F48CC2928537}.Debug|x64.Build.0 = Debug|Any CPU
		{82F438B3-3DD1-49FB-B1D4-F48CC2928537}.Debug|x86.ActiveCfg = Debug|Any CPU
		{82F438B3-3DD1-49FB-B1D4-F48CC2928537}.Debug|x86.Build.0 = Debug|Any CPU
		{82F438B3-3DD1-49FB-B1D4-F48CC2928537}.Release|Any CPU.ActiveCfg = Release|Any CPU
		{82F438B3-3DD1-49FB-B1D4-F48CC2928537}.Release|Any CPU.Build.0 = Release|Any CPU
		{82F438B3-3DD1-49FB-B1D4-F48CC2928537}.Release|x64.ActiveCfg = Release|Any CPU
		{82F438B3-3DD1-49FB-B1D4-F48CC2928537}.Release|x64.Build.0 = Release|Any CPU
		{82F438B3-3DD1-49FB-B1D4-F48CC2928537}.Release|x86.ActiveCfg = Release|Any CPU
		{82F438B3-3DD1-49FB-B1D4-F48CC2928537}.Release|x86.Build.0 = Release|Any CPU
		{AF11C37A-2491-4450-9FC4-CFE6D05696F9}.Debug|Any CPU.ActiveCfg = Debug|Any CPU
		{AF11C37A-2491-4450-9FC4-CFE6D05696F9}.Debug|Any CPU.Build.0 = Debug|Any CPU
		{AF11C37A-2491-4450-9FC4-CFE6D05696F9}.Debug|x64.ActiveCfg = Debug|Any CPU
		{AF11C37A-2491-4450-9FC4-CFE6D05696F9}.Debug|x64.Build.0 = Debug|Any CPU
		{AF11C37A-2491-4450-9FC4-CFE6D05696F9}.Debug|x86.ActiveCfg = Debug|Any CPU
		{AF11C37A-2491-4450-9FC4-CFE6D05696F9}.Debug|x86.Build.0 = Debug|Any CPU
		{AF11C37A-2491-4450-9FC4-CFE6D05696F9}.Release|Any CPU.ActiveCfg = Release|Any CPU
		{AF11C37A-2491-4450-9FC4-CFE6D05696F9}.Release|Any CPU.Build.0 = Release|Any CPU
		{AF11C37A-2491-4450-9FC4-CFE6D05696F9}.Release|x64.ActiveCfg = Release|Any CPU
		{AF11C37A-2491-4450-9FC4-CFE6D05696F9}.Release|x64.Build.0 = Release|Any CPU
		{AF11C37A-2491-4450-9FC4-CFE6D05696F9}.Release|x86.ActiveCfg = Release|Any CPU
		{AF11C37A-2491-4450-9FC4-CFE6D05696F9}.Release|x86.Build.0 = Release|Any CPU
		{E5DD5CB6-8330-4B99-967F-0EC2433059D5}.Debug|Any CPU.ActiveCfg = Debug|Any CPU
		{E5DD5CB6-8330-4B99-967F-0EC2433059D5}.Debug|Any CPU.Build.0 = Debug|Any CPU
		{E5DD5CB6-8330-4B99-967F-0EC2433059D5}.Debug|x64.ActiveCfg = Debug|Any CPU
		{E5DD5CB6-8330-4B99-967F-0EC2433059D5}.Debug|x64.Build.0 = Debug|Any CPU
		{E5DD5CB6-8330-4B99-967F-0EC2433059D5}.Debug|x86.ActiveCfg = Debug|Any CPU
		{E5DD5CB6-8330-4B99-967F-0EC2433059D5}.Debug|x86.Build.0 = Debug|Any CPU
		{E5DD5CB6-8330-4B99-967F-0EC2433059D5}.Release|Any CPU.ActiveCfg = Release|Any CPU
		{E5DD5CB6-8330-4B99-967F-0EC2433059D5}.Release|Any CPU.Build.0 = Release|Any CPU
		{E5DD5CB6-8330-4B99-967F-0EC2433059D5}.Release|x64.ActiveCfg = Release|Any CPU
		{E5DD5CB6-8330-4B99-967F-0EC2433059D5}.Release|x64.Build.0 = Release|Any CPU
		{E5DD5CB6-8330-4B99-967F-0EC2433059D5}.Release|x86.ActiveCfg = Release|Any CPU
		{E5DD5CB6-8330-4B99-967F-0EC2433059D5}.Release|x86.Build.0 = Release|Any CPU
		{D1E4983A-DBB0-41A8-A227-CFE6CEDDD98C}.Debug|Any CPU.ActiveCfg = Debug|Any CPU
		{D1E4983A-DBB0-41A8-A227-CFE6CEDDD98C}.Debug|Any CPU.Build.0 = Debug|Any CPU
		{D1E4983A-DBB0-41A8-A227-CFE6CEDDD98C}.Debug|x64.ActiveCfg = Debug|Any CPU
		{D1E4983A-DBB0-41A8-A227-CFE6CEDDD98C}.Debug|x64.Build.0 = Debug|Any CPU
		{D1E4983A-DBB0-41A8-A227-CFE6CEDDD98C}.Debug|x86.ActiveCfg = Debug|Any CPU
		{D1E4983A-DBB0-41A8-A227-CFE6CEDDD98C}.Debug|x86.Build.0 = Debug|Any CPU
		{D1E4983A-DBB0-41A8-A227-CFE6CEDDD98C}.Release|Any CPU.ActiveCfg = Release|Any CPU
		{D1E4983A-DBB0-41A8-A227-CFE6CEDDD98C}.Release|Any CPU.Build.0 = Release|Any CPU
		{D1E4983A-DBB0-41A8-A227-CFE6CEDDD98C}.Release|x64.ActiveCfg = Release|Any CPU
		{D1E4983A-DBB0-41A8-A227-CFE6CEDDD98C}.Release|x64.Build.0 = Release|Any CPU
		{D1E4983A-DBB0-41A8-A227-CFE6CEDDD98C}.Release|x86.ActiveCfg = Release|Any CPU
		{D1E4983A-DBB0-41A8-A227-CFE6CEDDD98C}.Release|x86.Build.0 = Release|Any CPU
		{FA9EF964-6D07-4B59-8D92-16D7F1A21024}.Debug|Any CPU.ActiveCfg = Debug|Any CPU
		{FA9EF964-6D07-4B59-8D92-16D7F1A21024}.Debug|Any CPU.Build.0 = Debug|Any CPU
		{FA9EF964-6D07-4B59-8D92-16D7F1A21024}.Debug|x64.ActiveCfg = Debug|Any CPU
		{FA9EF964-6D07-4B59-8D92-16D7F1A21024}.Debug|x64.Build.0 = Debug|Any CPU
		{FA9EF964-6D07-4B59-8D92-16D7F1A21024}.Debug|x86.ActiveCfg = Debug|Any CPU
		{FA9EF964-6D07-4B59-8D92-16D7F1A21024}.Debug|x86.Build.0 = Debug|Any CPU
		{FA9EF964-6D07-4B59-8D92-16D7F1A21024}.Release|Any CPU.ActiveCfg = Release|Any CPU
		{FA9EF964-6D07-4B59-8D92-16D7F1A21024}.Release|Any CPU.Build.0 = Release|Any CPU
		{FA9EF964-6D07-4B59-8D92-16D7F1A21024}.Release|x64.ActiveCfg = Release|Any CPU
		{FA9EF964-6D07-4B59-8D92-16D7F1A21024}.Release|x64.Build.0 = Release|Any CPU
		{FA9EF964-6D07-4B59-8D92-16D7F1A21024}.Release|x86.ActiveCfg = Release|Any CPU
		{FA9EF964-6D07-4B59-8D92-16D7F1A21024}.Release|x86.Build.0 = Release|Any CPU
		{DA369C5F-7120-4A8C-9598-10B11E4A77A3}.Debug|Any CPU.ActiveCfg = Debug|Any CPU
		{DA369C5F-7120-4A8C-9598-10B11E4A77A3}.Debug|Any CPU.Build.0 = Debug|Any CPU
		{DA369C5F-7120-4A8C-9598-10B11E4A77A3}.Debug|x64.ActiveCfg = Debug|Any CPU
		{DA369C5F-7120-4A8C-9598-10B11E4A77A3}.Debug|x64.Build.0 = Debug|Any CPU
		{DA369C5F-7120-4A8C-9598-10B11E4A77A3}.Debug|x86.ActiveCfg = Debug|Any CPU
		{DA369C5F-7120-4A8C-9598-10B11E4A77A3}.Debug|x86.Build.0 = Debug|Any CPU
		{DA369C5F-7120-4A8C-9598-10B11E4A77A3}.Release|Any CPU.ActiveCfg = Release|Any CPU
		{DA369C5F-7120-4A8C-9598-10B11E4A77A3}.Release|Any CPU.Build.0 = Release|Any CPU
		{DA369C5F-7120-4A8C-9598-10B11E4A77A3}.Release|x64.ActiveCfg = Release|Any CPU
		{DA369C5F-7120-4A8C-9598-10B11E4A77A3}.Release|x64.Build.0 = Release|Any CPU
		{DA369C5F-7120-4A8C-9598-10B11E4A77A3}.Release|x86.ActiveCfg = Release|Any CPU
		{DA369C5F-7120-4A8C-9598-10B11E4A77A3}.Release|x86.Build.0 = Release|Any CPU
		{2537D8E0-622B-4F53-926A-33968E69E894}.Debug|Any CPU.ActiveCfg = Debug|Any CPU
		{2537D8E0-622B-4F53-926A-33968E69E894}.Debug|Any CPU.Build.0 = Debug|Any CPU
		{2537D8E0-622B-4F53-926A-33968E69E894}.Debug|x64.ActiveCfg = Debug|Any CPU
		{2537D8E0-622B-4F53-926A-33968E69E894}.Debug|x64.Build.0 = Debug|Any CPU
		{2537D8E0-622B-4F53-926A-33968E69E894}.Debug|x86.ActiveCfg = Debug|Any CPU
		{2537D8E0-622B-4F53-926A-33968E69E894}.Debug|x86.Build.0 = Debug|Any CPU
		{2537D8E0-622B-4F53-926A-33968E69E894}.Release|Any CPU.ActiveCfg = Release|Any CPU
		{2537D8E0-622B-4F53-926A-33968E69E894}.Release|Any CPU.Build.0 = Release|Any CPU
		{2537D8E0-622B-4F53-926A-33968E69E894}.Release|x64.ActiveCfg = Release|Any CPU
		{2537D8E0-622B-4F53-926A-33968E69E894}.Release|x64.Build.0 = Release|Any CPU
		{2537D8E0-622B-4F53-926A-33968E69E894}.Release|x86.ActiveCfg = Release|Any CPU
		{2537D8E0-622B-4F53-926A-33968E69E894}.Release|x86.Build.0 = Release|Any CPU
	EndGlobalSection
	GlobalSection(NestedProjects) = preSolution
		{47555988-FBB7-4463-98B2-56DE4333EF36} = {B3CB0F4A-7AC8-4013-9A98-447B545B6D4D}
		{A8D5BE05-71E6-4D6F-816D-E08FFC561303} = {B3CB0F4A-7AC8-4013-9A98-447B545B6D4D}
		{82F438B3-3DD1-49FB-B1D4-F48CC2928537} = {B3CB0F4A-7AC8-4013-9A98-447B545B6D4D}
		{AF11C37A-2491-4450-9FC4-CFE6D05696F9} = {5363B041-F638-4B18-8F1A-A0CB0DEFD3FE}
		{E5DD5CB6-8330-4B99-967F-0EC2433059D5} = {5363B041-F638-4B18-8F1A-A0CB0DEFD3FE}
		{D1E4983A-DBB0-41A8-A227-CFE6CEDDD98C} = {5363B041-F638-4B18-8F1A-A0CB0DEFD3FE}
		{FA9EF964-6D07-4B59-8D92-16D7F1A21024} = {5363B041-F638-4B18-8F1A-A0CB0DEFD3FE}
		{DA369C5F-7120-4A8C-9598-10B11E4A77A3} = {B3CB0F4A-7AC8-4013-9A98-447B545B6D4D}
		{2537D8E0-622B-4F53-926A-33968E69E894} = {B3CB0F4A-7AC8-4013-9A98-447B545B6D4D}
	EndGlobalSection
EndGlobal
