
Microsoft Visual Studio Solution File, Format Version 12.00
# Visual Studio 15
VisualStudioVersion = 15.0.26124.0
MinimumVisualStudioVersion = 15.0.26124.0
Project("{2150E333-8FDC-42A3-9474-1A3956D46DE8}") = "src", "src", "{B3CB0F4A-7AC8-4013-9A98-447B545B6D4D}"
EndProject
Project("{2150E333-8FDC-42A3-9474-1A3956D46DE8}") = "tests", "tests", "{5363B041-F638-4B18-8F1A-A0CB0DEFD3FE}"
EndProject
Project("{FAE04EC0-301F-11D3-BF4B-00C04F79EFBC}") = "Catalog.API", "src\Catalog.API\Catalog.API.csproj", "{87C1032A-2F87-4227-8EC5-36191207A35A}"
EndProject
Project("{FAE04EC0-301F-11D3-BF4B-00C04F79EFBC}") = "Catalog.Domain", "src\Catalog.Domain\Catalog.Domain.csproj", "{4E7171FE-144E-41CB-9F7B-9BA07C4A699D}"
EndProject
Project("{FAE04EC0-301F-11D3-BF4B-00C04F79EFBC}") = "Catalog.Infrastructure", "src\Catalog.Infrastructure\Catalog.Infrastructure.csproj", "{E45F7CEB-6DE8-4382-8329-24CB610295BF}"
EndProject
Project("{FAE04EC0-301F-11D3-BF4B-00C04F79EFBC}") = "Catalog.Fixtures", "tests\Catalog.Fixtures\Catalog.Fixtures.csproj", "{D88B792E-BD90-4541-8CC0-E9718EAF839E}"
EndProject
Project("{FAE04EC0-301F-11D3-BF4B-00C04F79EFBC}") = "Catalog.Infrastructure.Tests", "tests\Catalog.Infrastructure.Tests\Catalog.Infrastructure.Tests.csproj", "{15426F17-9C8F-4D51-B9A3-1FFBCD5ADF61}"
EndProject
Project("{FAE04EC0-301F-11D3-BF4B-00C04F79EFBC}") = "Catalog.Domain.Tests", "tests\Catalog.Domain.Tests\Catalog.Domain.Tests.csproj", "{183135EB-DA14-4854-A017-F1310774FA83}"
EndProject
Global
	GlobalSection(SolutionConfigurationPlatforms) = preSolution
		Debug|Any CPU = Debug|Any CPU
		Debug|x64 = Debug|x64
		Debug|x86 = Debug|x86
		Release|Any CPU = Release|Any CPU
		Release|x64 = Release|x64
		Release|x86 = Release|x86
	EndGlobalSection
	GlobalSection(SolutionProperties) = preSolution
		HideSolutionNode = FALSE
	EndGlobalSection
	GlobalSection(ProjectConfigurationPlatforms) = postSolution
		{87C1032A-2F87-4227-8EC5-36191207A35A}.Debug|Any CPU.ActiveCfg = Debug|Any CPU
		{87C1032A-2F87-4227-8EC5-36191207A35A}.Debug|Any CPU.Build.0 = Debug|Any CPU
		{87C1032A-2F87-4227-8EC5-36191207A35A}.Debug|x64.ActiveCfg = Debug|Any CPU
		{87C1032A-2F87-4227-8EC5-36191207A35A}.Debug|x64.Build.0 = Debug|Any CPU
		{87C1032A-2F87-4227-8EC5-36191207A35A}.Debug|x86.ActiveCfg = Debug|Any CPU
		{87C1032A-2F87-4227-8EC5-36191207A35A}.Debug|x86.Build.0 = Debug|Any CPU
		{87C1032A-2F87-4227-8EC5-36191207A35A}.Release|Any CPU.ActiveCfg = Release|Any CPU
		{87C1032A-2F87-4227-8EC5-36191207A35A}.Release|Any CPU.Build.0 = Release|Any CPU
		{87C1032A-2F87-4227-8EC5-36191207A35A}.Release|x64.ActiveCfg = Release|Any CPU
		{87C1032A-2F87-4227-8EC5-36191207A35A}.Release|x64.Build.0 = Release|Any CPU
		{87C1032A-2F87-4227-8EC5-36191207A35A}.Release|x86.ActiveCfg = Release|Any CPU
		{87C1032A-2F87-4227-8EC5-36191207A35A}.Release|x86.Build.0 = Release|Any CPU
		{4E7171FE-144E-41CB-9F7B-9BA07C4A699D}.Debug|Any CPU.ActiveCfg = Debug|Any CPU
		{4E7171FE-144E-41CB-9F7B-9BA07C4A699D}.Debug|Any CPU.Build.0 = Debug|Any CPU
		{4E7171FE-144E-41CB-9F7B-9BA07C4A699D}.Debug|x64.ActiveCfg = Debug|Any CPU
		{4E7171FE-144E-41CB-9F7B-9BA07C4A699D}.Debug|x64.Build.0 = Debug|Any CPU
		{4E7171FE-144E-41CB-9F7B-9BA07C4A699D}.Debug|x86.ActiveCfg = Debug|Any CPU
		{4E7171FE-144E-41CB-9F7B-9BA07C4A699D}.Debug|x86.Build.0 = Debug|Any CPU
		{4E7171FE-144E-41CB-9F7B-9BA07C4A699D}.Release|Any CPU.ActiveCfg = Release|Any CPU
		{4E7171FE-144E-41CB-9F7B-9BA07C4A699D}.Release|Any CPU.Build.0 = Release|Any CPU
		{4E7171FE-144E-41CB-9F7B-9BA07C4A699D}.Release|x64.ActiveCfg = Release|Any CPU
		{4E7171FE-144E-41CB-9F7B-9BA07C4A699D}.Release|x64.Build.0 = Release|Any CPU
		{4E7171FE-144E-41CB-9F7B-9BA07C4A699D}.Release|x86.ActiveCfg = Release|Any CPU
		{4E7171FE-144E-41CB-9F7B-9BA07C4A699D}.Release|x86.Build.0 = Release|Any CPU
		{E45F7CEB-6DE8-4382-8329-24CB610295BF}.Debug|Any CPU.ActiveCfg = Debug|Any CPU
		{E45F7CEB-6DE8-4382-8329-24CB610295BF}.Debug|Any CPU.Build.0 = Debug|Any CPU
		{E45F7CEB-6DE8-4382-8329-24CB610295BF}.Debug|x64.ActiveCfg = Debug|Any CPU
		{E45F7CEB-6DE8-4382-8329-24CB610295BF}.Debug|x64.Build.0 = Debug|Any CPU
		{E45F7CEB-6DE8-4382-8329-24CB610295BF}.Debug|x86.ActiveCfg = Debug|Any CPU
		{E45F7CEB-6DE8-4382-8329-24CB610295BF}.Debug|x86.Build.0 = Debug|Any CPU
		{E45F7CEB-6DE8-4382-8329-24CB610295BF}.Release|Any CPU.ActiveCfg = Release|Any CPU
		{E45F7CEB-6DE8-4382-8329-24CB610295BF}.Release|Any CPU.Build.0 = Release|Any CPU
		{E45F7CEB-6DE8-4382-8329-24CB610295BF}.Release|x64.ActiveCfg = Release|Any CPU
		{E45F7CEB-6DE8-4382-8329-24CB610295BF}.Release|x64.Build.0 = Release|Any CPU
		{E45F7CEB-6DE8-4382-8329-24CB610295BF}.Release|x86.ActiveCfg = Release|Any CPU
		{E45F7CEB-6DE8-4382-8329-24CB610295BF}.Release|x86.Build.0 = Release|Any CPU
		{D88B792E-BD90-4541-8CC0-E9718EAF839E}.Debug|Any CPU.ActiveCfg = Debug|Any CPU
		{D88B792E-BD90-4541-8CC0-E9718EAF839E}.Debug|Any CPU.Build.0 = Debug|Any CPU
		{D88B792E-BD90-4541-8CC0-E9718EAF839E}.Debug|x64.ActiveCfg = Debug|Any CPU
		{D88B792E-BD90-4541-8CC0-E9718EAF839E}.Debug|x64.Build.0 = Debug|Any CPU
		{D88B792E-BD90-4541-8CC0-E9718EAF839E}.Debug|x86.ActiveCfg = Debug|Any CPU
		{D88B792E-BD90-4541-8CC0-E9718EAF839E}.Debug|x86.Build.0 = Debug|Any CPU
		{D88B792E-BD90-4541-8CC0-E9718EAF839E}.Release|Any CPU.ActiveCfg = Release|Any CPU
		{D88B792E-BD90-4541-8CC0-E9718EAF839E}.Release|Any CPU.Build.0 = Release|Any CPU
		{D88B792E-BD90-4541-8CC0-E9718EAF839E}.Release|x64.ActiveCfg = Release|Any CPU
		{D88B792E-BD90-4541-8CC0-E9718EAF839E}.Release|x64.Build.0 = Release|Any CPU
		{D88B792E-BD90-4541-8CC0-E9718EAF839E}.Release|x86.ActiveCfg = Release|Any CPU
		{D88B792E-BD90-4541-8CC0-E9718EAF839E}.Release|x86.Build.0 = Release|Any CPU
		{15426F17-9C8F-4D51-B9A3-1FFBCD5ADF61}.Debug|Any CPU.ActiveCfg = Debug|Any CPU
		{15426F17-9C8F-4D51-B9A3-1FFBCD5ADF61}.Debug|Any CPU.Build.0 = Debug|Any CPU
		{15426F17-9C8F-4D51-B9A3-1FFBCD5ADF61}.Debug|x64.ActiveCfg = Debug|Any CPU
		{15426F17-9C8F-4D51-B9A3-1FFBCD5ADF61}.Debug|x64.Build.0 = Debug|Any CPU
		{15426F17-9C8F-4D51-B9A3-1FFBCD5ADF61}.Debug|x86.ActiveCfg = Debug|Any CPU
		{15426F17-9C8F-4D51-B9A3-1FFBCD5ADF61}.Debug|x86.Build.0 = Debug|Any CPU
		{15426F17-9C8F-4D51-B9A3-1FFBCD5ADF61}.Release|Any CPU.ActiveCfg = Release|Any CPU
		{15426F17-9C8F-4D51-B9A3-1FFBCD5ADF61}.Release|Any CPU.Build.0 = Release|Any CPU
		{15426F17-9C8F-4D51-B9A3-1FFBCD5ADF61}.Release|x64.ActiveCfg = Release|Any CPU
		{15426F17-9C8F-4D51-B9A3-1FFBCD5ADF61}.Release|x64.Build.0 = Release|Any CPU
		{15426F17-9C8F-4D51-B9A3-1FFBCD5ADF61}.Release|x86.ActiveCfg = Release|Any CPU
		{15426F17-9C8F-4D51-B9A3-1FFBCD5ADF61}.Release|x86.Build.0 = Release|Any CPU
		{183135EB-DA14-4854-A017-F1310774FA83}.Debug|Any CPU.ActiveCfg = Debug|Any CPU
		{183135EB-DA14-4854-A017-F1310774FA83}.Debug|Any CPU.Build.0 = Debug|Any CPU
		{183135EB-DA14-4854-A017-F1310774FA83}.Debug|x64.ActiveCfg = Debug|Any CPU
		{183135EB-DA14-4854-A017-F1310774FA83}.Debug|x64.Build.0 = Debug|Any CPU
		{183135EB-DA14-4854-A017-F1310774FA83}.Debug|x86.ActiveCfg = Debug|Any CPU
		{183135EB-DA14-4854-A017-F1310774FA83}.Debug|x86.Build.0 = Debug|Any CPU
		{183135EB-DA14-4854-A017-F1310774FA83}.Release|Any CPU.ActiveCfg = Release|Any CPU
		{183135EB-DA14-4854-A017-F1310774FA83}.Release|Any CPU.Build.0 = Release|Any CPU
		{183135EB-DA14-4854-A017-F1310774FA83}.Release|x64.ActiveCfg = Release|Any CPU
		{183135EB-DA14-4854-A017-F1310774FA83}.Release|x64.Build.0 = Release|Any CPU
		{183135EB-DA14-4854-A017-F1310774FA83}.Release|x86.ActiveCfg = Release|Any CPU
		{183135EB-DA14-4854-A017-F1310774FA83}.Release|x86.Build.0 = Release|Any CPU
	EndGlobalSection
	GlobalSection(NestedProjects) = preSolution
		{87C1032A-2F87-4227-8EC5-36191207A35A} = {B3CB0F4A-7AC8-4013-9A98-447B545B6D4D}
		{4E7171FE-144E-41CB-9F7B-9BA07C4A699D} = {B3CB0F4A-7AC8-4013-9A98-447B545B6D4D}
		{E45F7CEB-6DE8-4382-8329-24CB610295BF} = {B3CB0F4A-7AC8-4013-9A98-447B545B6D4D}
		{D88B792E-BD90-4541-8CC0-E9718EAF839E} = {5363B041-F638-4B18-8F1A-A0CB0DEFD3FE}
		{15426F17-9C8F-4D51-B9A3-1FFBCD5ADF61} = {5363B041-F638-4B18-8F1A-A0CB0DEFD3FE}
		{183135EB-DA14-4854-A017-F1310774FA83} = {5363B041-F638-4B18-8F1A-A0CB0DEFD3FE}
	EndGlobalSection
EndGlobal
