
Microsoft Visual Studio Solution File, Format Version 12.00
# Visual Studio 15
VisualStudioVersion = 15.0.26124.0
MinimumVisualStudioVersion = 15.0.26124.0
Project("{2150E333-8FDC-42A3-9474-1A3956D46DE8}") = "src", "src", "{B3CB0F4A-7AC8-4013-9A98-447B545B6D4D}"
EndProject
Project("{2150E333-8FDC-42A3-9474-1A3956D46DE8}") = "tests", "tests", "{5363B041-F638-4B18-8F1A-A0CB0DEFD3FE}"
EndProject
Project("{FAE04EC0-301F-11D3-BF4B-00C04F79EFBC}") = "Catalog.Infrastructure", "src\Catalog.Infrastructure\Catalog.Infrastructure.csproj", "{D021FB67-E047-4623-A21D-E698836F59C5}"
EndProject
Project("{FAE04EC0-301F-11D3-BF4B-00C04F79EFBC}") = "Catalog.Domain", "src\Catalog.Domain\Catalog.Domain.csproj", "{79C2A388-9C70-4E92-9A77-1A7280D1A95F}"
EndProject
Project("{FAE04EC0-301F-11D3-BF4B-00C04F79EFBC}") = "Catalog.API", "src\Catalog.API\Catalog.API.csproj", "{F6754895-49CE-4E23-B2D3-629B5D1A098F}"
EndProject
Project("{FAE04EC0-301F-11D3-BF4B-00C04F79EFBC}") = "Catalog.Infrastructure.Tests", "tests\Catalog.Infrastructure.Tests\Catalog.Infrastructure.Tests.csproj", "{8DDB8F8B-C16A-400E-803F-0D74F91FD37E}"
EndProject
Project("{FAE04EC0-301F-11D3-BF4B-00C04F79EFBC}") = "Catalog.Fixtures", "tests\Catalog.Fixtures\Catalog.Fixtures.csproj", "{DD30AAA7-4727-49FF-8E79-8D324FDA7930}"
EndProject
Project("{FAE04EC0-301F-11D3-BF4B-00C04F79EFBC}") = "Catalog.Domain.Tests", "tests\Catalog.Domain.Tests\Catalog.Domain.Tests.csproj", "{07E3E5DD-F40D-46A1-8C23-963CCA3684D0}"
EndProject
Project("{FAE04EC0-301F-11D3-BF4B-00C04F79EFBC}") = "Catalog.API.Tests", "tests\Catalog.API.Tests\Catalog.API.Tests.csproj", "{4FB2B5C6-3444-450E-BCA0-581C3D6C6D41}"
EndProject
Global
	GlobalSection(SolutionConfigurationPlatforms) = preSolution
		Debug|Any CPU = Debug|Any CPU
		Debug|x64 = Debug|x64
		Debug|x86 = Debug|x86
		Release|Any CPU = Release|Any CPU
		Release|x64 = Release|x64
		Release|x86 = Release|x86
	EndGlobalSection
	GlobalSection(SolutionProperties) = preSolution
		HideSolutionNode = FALSE
	EndGlobalSection
	GlobalSection(ProjectConfigurationPlatforms) = postSolution
		{D021FB67-E047-4623-A21D-E698836F59C5}.Debug|Any CPU.ActiveCfg = Debug|Any CPU
		{D021FB67-E047-4623-A21D-E698836F59C5}.Debug|Any CPU.Build.0 = Debug|Any CPU
		{D021FB67-E047-4623-A21D-E698836F59C5}.Debug|x64.ActiveCfg = Debug|Any CPU
		{D021FB67-E047-4623-A21D-E698836F59C5}.Debug|x64.Build.0 = Debug|Any CPU
		{D021FB67-E047-4623-A21D-E698836F59C5}.Debug|x86.ActiveCfg = Debug|Any CPU
		{D021FB67-E047-4623-A21D-E698836F59C5}.Debug|x86.Build.0 = Debug|Any CPU
		{D021FB67-E047-4623-A21D-E698836F59C5}.Release|Any CPU.ActiveCfg = Release|Any CPU
		{D021FB67-E047-4623-A21D-E698836F59C5}.Release|Any CPU.Build.0 = Release|Any CPU
		{D021FB67-E047-4623-A21D-E698836F59C5}.Release|x64.ActiveCfg = Release|Any CPU
		{D021FB67-E047-4623-A21D-E698836F59C5}.Release|x64.Build.0 = Release|Any CPU
		{D021FB67-E047-4623-A21D-E698836F59C5}.Release|x86.ActiveCfg = Release|Any CPU
		{D021FB67-E047-4623-A21D-E698836F59C5}.Release|x86.Build.0 = Release|Any CPU
		{79C2A388-9C70-4E92-9A77-1A7280D1A95F}.Debug|Any CPU.ActiveCfg = Debug|Any CPU
		{79C2A388-9C70-4E92-9A77-1A7280D1A95F}.Debug|Any CPU.Build.0 = Debug|Any CPU
		{79C2A388-9C70-4E92-9A77-1A7280D1A95F}.Debug|x64.ActiveCfg = Debug|Any CPU
		{79C2A388-9C70-4E92-9A77-1A7280D1A95F}.Debug|x64.Build.0 = Debug|Any CPU
		{79C2A388-9C70-4E92-9A77-1A7280D1A95F}.Debug|x86.ActiveCfg = Debug|Any CPU
		{79C2A388-9C70-4E92-9A77-1A7280D1A95F}.Debug|x86.Build.0 = Debug|Any CPU
		{79C2A388-9C70-4E92-9A77-1A7280D1A95F}.Release|Any CPU.ActiveCfg = Release|Any CPU
		{79C2A388-9C70-4E92-9A77-1A7280D1A95F}.Release|Any CPU.Build.0 = Release|Any CPU
		{79C2A388-9C70-4E92-9A77-1A7280D1A95F}.Release|x64.ActiveCfg = Release|Any CPU
		{79C2A388-9C70-4E92-9A77-1A7280D1A95F}.Release|x64.Build.0 = Release|Any CPU
		{79C2A388-9C70-4E92-9A77-1A7280D1A95F}.Release|x86.ActiveCfg = Release|Any CPU
		{79C2A388-9C70-4E92-9A77-1A7280D1A95F}.Release|x86.Build.0 = Release|Any CPU
		{F6754895-49CE-4E23-B2D3-629B5D1A098F}.Debug|Any CPU.ActiveCfg = Debug|Any CPU
		{F6754895-49CE-4E23-B2D3-629B5D1A098F}.Debug|Any CPU.Build.0 = Debug|Any CPU
		{F6754895-49CE-4E23-B2D3-629B5D1A098F}.Debug|x64.ActiveCfg = Debug|Any CPU
		{F6754895-49CE-4E23-B2D3-629B5D1A098F}.Debug|x64.Build.0 = Debug|Any CPU
		{F6754895-49CE-4E23-B2D3-629B5D1A098F}.Debug|x86.ActiveCfg = Debug|Any CPU
		{F6754895-49CE-4E23-B2D3-629B5D1A098F}.Debug|x86.Build.0 = Debug|Any CPU
		{F6754895-49CE-4E23-B2D3-629B5D1A098F}.Release|Any CPU.ActiveCfg = Release|Any CPU
		{F6754895-49CE-4E23-B2D3-629B5D1A098F}.Release|Any CPU.Build.0 = Release|Any CPU
		{F6754895-49CE-4E23-B2D3-629B5D1A098F}.Release|x64.ActiveCfg = Release|Any CPU
		{F6754895-49CE-4E23-B2D3-629B5D1A098F}.Release|x64.Build.0 = Release|Any CPU
		{F6754895-49CE-4E23-B2D3-629B5D1A098F}.Release|x86.ActiveCfg = Release|Any CPU
		{F6754895-49CE-4E23-B2D3-629B5D1A098F}.Release|x86.Build.0 = Release|Any CPU
		{8DDB8F8B-C16A-400E-803F-0D74F91FD37E}.Debug|Any CPU.ActiveCfg = Debug|Any CPU
		{8DDB8F8B-C16A-400E-803F-0D74F91FD37E}.Debug|Any CPU.Build.0 = Debug|Any CPU
		{8DDB8F8B-C16A-400E-803F-0D74F91FD37E}.Debug|x64.ActiveCfg = Debug|Any CPU
		{8DDB8F8B-C16A-400E-803F-0D74F91FD37E}.Debug|x64.Build.0 = Debug|Any CPU
		{8DDB8F8B-C16A-400E-803F-0D74F91FD37E}.Debug|x86.ActiveCfg = Debug|Any CPU
		{8DDB8F8B-C16A-400E-803F-0D74F91FD37E}.Debug|x86.Build.0 = Debug|Any CPU
		{8DDB8F8B-C16A-400E-803F-0D74F91FD37E}.Release|Any CPU.ActiveCfg = Release|Any CPU
		{8DDB8F8B-C16A-400E-803F-0D74F91FD37E}.Release|Any CPU.Build.0 = Release|Any CPU
		{8DDB8F8B-C16A-400E-803F-0D74F91FD37E}.Release|x64.ActiveCfg = Release|Any CPU
		{8DDB8F8B-C16A-400E-803F-0D74F91FD37E}.Release|x64.Build.0 = Release|Any CPU
		{8DDB8F8B-C16A-400E-803F-0D74F91FD37E}.Release|x86.ActiveCfg = Release|Any CPU
		{8DDB8F8B-C16A-400E-803F-0D74F91FD37E}.Release|x86.Build.0 = Release|Any CPU
		{DD30AAA7-4727-49FF-8E79-8D324FDA7930}.Debug|Any CPU.ActiveCfg = Debug|Any CPU
		{DD30AAA7-4727-49FF-8E79-8D324FDA7930}.Debug|Any CPU.Build.0 = Debug|Any CPU
		{DD30AAA7-4727-49FF-8E79-8D324FDA7930}.Debug|x64.ActiveCfg = Debug|Any CPU
		{DD30AAA7-4727-49FF-8E79-8D324FDA7930}.Debug|x64.Build.0 = Debug|Any CPU
		{DD30AAA7-4727-49FF-8E79-8D324FDA7930}.Debug|x86.ActiveCfg = Debug|Any CPU
		{DD30AAA7-4727-49FF-8E79-8D324FDA7930}.Debug|x86.Build.0 = Debug|Any CPU
		{DD30AAA7-4727-49FF-8E79-8D324FDA7930}.Release|Any CPU.ActiveCfg = Release|Any CPU
		{DD30AAA7-4727-49FF-8E79-8D324FDA7930}.Release|Any CPU.Build.0 = Release|Any CPU
		{DD30AAA7-4727-49FF-8E79-8D324FDA7930}.Release|x64.ActiveCfg = Release|Any CPU
		{DD30AAA7-4727-49FF-8E79-8D324FDA7930}.Release|x64.Build.0 = Release|Any CPU
		{DD30AAA7-4727-49FF-8E79-8D324FDA7930}.Release|x86.ActiveCfg = Release|Any CPU
		{DD30AAA7-4727-49FF-8E79-8D324FDA7930}.Release|x86.Build.0 = Release|Any CPU
		{07E3E5DD-F40D-46A1-8C23-963CCA3684D0}.Debug|Any CPU.ActiveCfg = Debug|Any CPU
		{07E3E5DD-F40D-46A1-8C23-963CCA3684D0}.Debug|Any CPU.Build.0 = Debug|Any CPU
		{07E3E5DD-F40D-46A1-8C23-963CCA3684D0}.Debug|x64.ActiveCfg = Debug|Any CPU
		{07E3E5DD-F40D-46A1-8C23-963CCA3684D0}.Debug|x64.Build.0 = Debug|Any CPU
		{07E3E5DD-F40D-46A1-8C23-963CCA3684D0}.Debug|x86.ActiveCfg = Debug|Any CPU
		{07E3E5DD-F40D-46A1-8C23-963CCA3684D0}.Debug|x86.Build.0 = Debug|Any CPU
		{07E3E5DD-F40D-46A1-8C23-963CCA3684D0}.Release|Any CPU.ActiveCfg = Release|Any CPU
		{07E3E5DD-F40D-46A1-8C23-963CCA3684D0}.Release|Any CPU.Build.0 = Release|Any CPU
		{07E3E5DD-F40D-46A1-8C23-963CCA3684D0}.Release|x64.ActiveCfg = Release|Any CPU
		{07E3E5DD-F40D-46A1-8C23-963CCA3684D0}.Release|x64.Build.0 = Release|Any CPU
		{07E3E5DD-F40D-46A1-8C23-963CCA3684D0}.Release|x86.ActiveCfg = Release|Any CPU
		{07E3E5DD-F40D-46A1-8C23-963CCA3684D0}.Release|x86.Build.0 = Release|Any CPU
		{4FB2B5C6-3444-450E-BCA0-581C3D6C6D41}.Debug|Any CPU.ActiveCfg = Debug|Any CPU
		{4FB2B5C6-3444-450E-BCA0-581C3D6C6D41}.Debug|Any CPU.Build.0 = Debug|Any CPU
		{4FB2B5C6-3444-450E-BCA0-581C3D6C6D41}.Debug|x64.ActiveCfg = Debug|Any CPU
		{4FB2B5C6-3444-450E-BCA0-581C3D6C6D41}.Debug|x64.Build.0 = Debug|Any CPU
		{4FB2B5C6-3444-450E-BCA0-581C3D6C6D41}.Debug|x86.ActiveCfg = Debug|Any CPU
		{4FB2B5C6-3444-450E-BCA0-581C3D6C6D41}.Debug|x86.Build.0 = Debug|Any CPU
		{4FB2B5C6-3444-450E-BCA0-581C3D6C6D41}.Release|Any CPU.ActiveCfg = Release|Any CPU
		{4FB2B5C6-3444-450E-BCA0-581C3D6C6D41}.Release|Any CPU.Build.0 = Release|Any CPU
		{4FB2B5C6-3444-450E-BCA0-581C3D6C6D41}.Release|x64.ActiveCfg = Release|Any CPU
		{4FB2B5C6-3444-450E-BCA0-581C3D6C6D41}.Release|x64.Build.0 = Release|Any CPU
		{4FB2B5C6-3444-450E-BCA0-581C3D6C6D41}.Release|x86.ActiveCfg = Release|Any CPU
		{4FB2B5C6-3444-450E-BCA0-581C3D6C6D41}.Release|x86.Build.0 = Release|Any CPU
	EndGlobalSection
	GlobalSection(NestedProjects) = preSolution
		{D021FB67-E047-4623-A21D-E698836F59C5} = {B3CB0F4A-7AC8-4013-9A98-447B545B6D4D}
		{79C2A388-9C70-4E92-9A77-1A7280D1A95F} = {B3CB0F4A-7AC8-4013-9A98-447B545B6D4D}
		{F6754895-49CE-4E23-B2D3-629B5D1A098F} = {B3CB0F4A-7AC8-4013-9A98-447B545B6D4D}
		{8DDB8F8B-C16A-400E-803F-0D74F91FD37E} = {5363B041-F638-4B18-8F1A-A0CB0DEFD3FE}
		{DD30AAA7-4727-49FF-8E79-8D324FDA7930} = {5363B041-F638-4B18-8F1A-A0CB0DEFD3FE}
		{07E3E5DD-F40D-46A1-8C23-963CCA3684D0} = {5363B041-F638-4B18-8F1A-A0CB0DEFD3FE}
		{4FB2B5C6-3444-450E-BCA0-581C3D6C6D41} = {5363B041-F638-4B18-8F1A-A0CB0DEFD3FE}
	EndGlobalSection
EndGlobal
