
Microsoft Visual Studio Solution File, Format Version 12.00
# Visual Studio 15
VisualStudioVersion = 15.0.26124.0
MinimumVisualStudioVersion = 15.0.26124.0
Project("{2150E333-8FDC-42A3-9474-1A3956D46DE8}") = "src", "src", "{B3CB0F4A-7AC8-4013-9A98-447B545B6D4D}"
EndProject
Project("{2150E333-8FDC-42A3-9474-1A3956D46DE8}") = "tests", "tests", "{5363B041-F638-4B18-8F1A-A0CB0DEFD3FE}"
EndProject
Project("{FAE04EC0-301F-11D3-BF4B-00C04F79EFBC}") = "Catalog.API", "src\Catalog.API\Catalog.API.csproj", "{7D8E747B-2CF5-4DDB-9F00-C9F270019DA8}"
EndProject
Project("{FAE04EC0-301F-11D3-BF4B-00C04F79EFBC}") = "Catalog.Infrastructure", "src\Catalog.Infrastructure\Catalog.Infrastructure.csproj", "{7A0232E9-43F2-4E98-A591-53B0F6F839DE}"
EndProject
Project("{FAE04EC0-301F-11D3-BF4B-00C04F79EFBC}") = "Catalog.Domain", "src\Catalog.Domain\Catalog.Domain.csproj", "{0EB4998D-1601-47E0-B46D-FB70C8C6E023}"
EndProject
Project("{FAE04EC0-301F-11D3-BF4B-00C04F79EFBC}") = "Catalog.InfrastructureSP", "src\Catalog.InfrastructureSP\Catalog.InfrastructureSP.csproj", "{230C4BD3-BF00-4CC3-B3E6-A15F3F535055}"
EndProject
Project("{FAE04EC0-301F-11D3-BF4B-00C04F79EFBC}") = "Catalog.Infrastructure.Tests", "tests\Catalog.Infrastructure.Tests\Catalog.Infrastructure.Tests.csproj", "{8D9202F7-A612-462B-9E99-D386B86B5BFF}"
EndProject
Global
	GlobalSection(SolutionConfigurationPlatforms) = preSolution
		Debug|Any CPU = Debug|Any CPU
		Debug|x64 = Debug|x64
		Debug|x86 = Debug|x86
		Release|Any CPU = Release|Any CPU
		Release|x64 = Release|x64
		Release|x86 = Release|x86
	EndGlobalSection
	GlobalSection(SolutionProperties) = preSolution
		HideSolutionNode = FALSE
	EndGlobalSection
	GlobalSection(ProjectConfigurationPlatforms) = postSolution
		{7D8E747B-2CF5-4DDB-9F00-C9F270019DA8}.Debug|Any CPU.ActiveCfg = Debug|Any CPU
		{7D8E747B-2CF5-4DDB-9F00-C9F270019DA8}.Debug|Any CPU.Build.0 = Debug|Any CPU
		{7D8E747B-2CF5-4DDB-9F00-C9F270019DA8}.Debug|x64.ActiveCfg = Debug|Any CPU
		{7D8E747B-2CF5-4DDB-9F00-C9F270019DA8}.Debug|x64.Build.0 = Debug|Any CPU
		{7D8E747B-2CF5-4DDB-9F00-C9F270019DA8}.Debug|x86.ActiveCfg = Debug|Any CPU
		{7D8E747B-2CF5-4DDB-9F00-C9F270019DA8}.Debug|x86.Build.0 = Debug|Any CPU
		{7D8E747B-2CF5-4DDB-9F00-C9F270019DA8}.Release|Any CPU.ActiveCfg = Release|Any CPU
		{7D8E747B-2CF5-4DDB-9F00-C9F270019DA8}.Release|Any CPU.Build.0 = Release|Any CPU
		{7D8E747B-2CF5-4DDB-9F00-C9F270019DA8}.Release|x64.ActiveCfg = Release|Any CPU
		{7D8E747B-2CF5-4DDB-9F00-C9F270019DA8}.Release|x64.Build.0 = Release|Any CPU
		{7D8E747B-2CF5-4DDB-9F00-C9F270019DA8}.Release|x86.ActiveCfg = Release|Any CPU
		{7D8E747B-2CF5-4DDB-9F00-C9F270019DA8}.Release|x86.Build.0 = Release|Any CPU
		{7A0232E9-43F2-4E98-A591-53B0F6F839DE}.Debug|Any CPU.ActiveCfg = Debug|Any CPU
		{7A0232E9-43F2-4E98-A591-53B0F6F839DE}.Debug|Any CPU.Build.0 = Debug|Any CPU
		{7A0232E9-43F2-4E98-A591-53B0F6F839DE}.Debug|x64.ActiveCfg = Debug|Any CPU
		{7A0232E9-43F2-4E98-A591-53B0F6F839DE}.Debug|x64.Build.0 = Debug|Any CPU
		{7A0232E9-43F2-4E98-A591-53B0F6F839DE}.Debug|x86.ActiveCfg = Debug|Any CPU
		{7A0232E9-43F2-4E98-A591-53B0F6F839DE}.Debug|x86.Build.0 = Debug|Any CPU
		{7A0232E9-43F2-4E98-A591-53B0F6F839DE}.Release|Any CPU.ActiveCfg = Release|Any CPU
		{7A0232E9-43F2-4E98-A591-53B0F6F839DE}.Release|Any CPU.Build.0 = Release|Any CPU
		{7A0232E9-43F2-4E98-A591-53B0F6F839DE}.Release|x64.ActiveCfg = Release|Any CPU
		{7A0232E9-43F2-4E98-A591-53B0F6F839DE}.Release|x64.Build.0 = Release|Any CPU
		{7A0232E9-43F2-4E98-A591-53B0F6F839DE}.Release|x86.ActiveCfg = Release|Any CPU
		{7A0232E9-43F2-4E98-A591-53B0F6F839DE}.Release|x86.Build.0 = Release|Any CPU
		{0EB4998D-1601-47E0-B46D-FB70C8C6E023}.Debug|Any CPU.ActiveCfg = Debug|Any CPU
		{0EB4998D-1601-47E0-B46D-FB70C8C6E023}.Debug|Any CPU.Build.0 = Debug|Any CPU
		{0EB4998D-1601-47E0-B46D-FB70C8C6E023}.Debug|x64.ActiveCfg = Debug|Any CPU
		{0EB4998D-1601-47E0-B46D-FB70C8C6E023}.Debug|x64.Build.0 = Debug|Any CPU
		{0EB4998D-1601-47E0-B46D-FB70C8C6E023}.Debug|x86.ActiveCfg = Debug|Any CPU
		{0EB4998D-1601-47E0-B46D-FB70C8C6E023}.Debug|x86.Build.0 = Debug|Any CPU
		{0EB4998D-1601-47E0-B46D-FB70C8C6E023}.Release|Any CPU.ActiveCfg = Release|Any CPU
		{0EB4998D-1601-47E0-B46D-FB70C8C6E023}.Release|Any CPU.Build.0 = Release|Any CPU
		{0EB4998D-1601-47E0-B46D-FB70C8C6E023}.Release|x64.ActiveCfg = Release|Any CPU
		{0EB4998D-1601-47E0-B46D-FB70C8C6E023}.Release|x64.Build.0 = Release|Any CPU
		{0EB4998D-1601-47E0-B46D-FB70C8C6E023}.Release|x86.ActiveCfg = Release|Any CPU
		{0EB4998D-1601-47E0-B46D-FB70C8C6E023}.Release|x86.Build.0 = Release|Any CPU
		{230C4BD3-BF00-4CC3-B3E6-A15F3F535055}.Debug|Any CPU.ActiveCfg = Debug|Any CPU
		{230C4BD3-BF00-4CC3-B3E6-A15F3F535055}.Debug|Any CPU.Build.0 = Debug|Any CPU
		{230C4BD3-BF00-4CC3-B3E6-A15F3F535055}.Debug|x64.ActiveCfg = Debug|Any CPU
		{230C4BD3-BF00-4CC3-B3E6-A15F3F535055}.Debug|x64.Build.0 = Debug|Any CPU
		{230C4BD3-BF00-4CC3-B3E6-A15F3F535055}.Debug|x86.ActiveCfg = Debug|Any CPU
		{230C4BD3-BF00-4CC3-B3E6-A15F3F535055}.Debug|x86.Build.0 = Debug|Any CPU
		{230C4BD3-BF00-4CC3-B3E6-A15F3F535055}.Release|Any CPU.ActiveCfg = Release|Any CPU
		{230C4BD3-BF00-4CC3-B3E6-A15F3F535055}.Release|Any CPU.Build.0 = Release|Any CPU
		{230C4BD3-BF00-4CC3-B3E6-A15F3F535055}.Release|x64.ActiveCfg = Release|Any CPU
		{230C4BD3-BF00-4CC3-B3E6-A15F3F535055}.Release|x64.Build.0 = Release|Any CPU
		{230C4BD3-BF00-4CC3-B3E6-A15F3F535055}.Release|x86.ActiveCfg = Release|Any CPU
		{230C4BD3-BF00-4CC3-B3E6-A15F3F535055}.Release|x86.Build.0 = Release|Any CPU
		{8D9202F7-A612-462B-9E99-D386B86B5BFF}.Debug|Any CPU.ActiveCfg = Debug|Any CPU
		{8D9202F7-A612-462B-9E99-D386B86B5BFF}.Debug|Any CPU.Build.0 = Debug|Any CPU
		{8D9202F7-A612-462B-9E99-D386B86B5BFF}.Debug|x64.ActiveCfg = Debug|Any CPU
		{8D9202F7-A612-462B-9E99-D386B86B5BFF}.Debug|x64.Build.0 = Debug|Any CPU
		{8D9202F7-A612-462B-9E99-D386B86B5BFF}.Debug|x86.ActiveCfg = Debug|Any CPU
		{8D9202F7-A612-462B-9E99-D386B86B5BFF}.Debug|x86.Build.0 = Debug|Any CPU
		{8D9202F7-A612-462B-9E99-D386B86B5BFF}.Release|Any CPU.ActiveCfg = Release|Any CPU
		{8D9202F7-A612-462B-9E99-D386B86B5BFF}.Release|Any CPU.Build.0 = Release|Any CPU
		{8D9202F7-A612-462B-9E99-D386B86B5BFF}.Release|x64.ActiveCfg = Release|Any CPU
		{8D9202F7-A612-462B-9E99-D386B86B5BFF}.Release|x64.Build.0 = Release|Any CPU
		{8D9202F7-A612-462B-9E99-D386B86B5BFF}.Release|x86.ActiveCfg = Release|Any CPU
		{8D9202F7-A612-462B-9E99-D386B86B5BFF}.Release|x86.Build.0 = Release|Any CPU
	EndGlobalSection
	GlobalSection(NestedProjects) = preSolution
		{7D8E747B-2CF5-4DDB-9F00-C9F270019DA8} = {B3CB0F4A-7AC8-4013-9A98-447B545B6D4D}
		{7A0232E9-43F2-4E98-A591-53B0F6F839DE} = {B3CB0F4A-7AC8-4013-9A98-447B545B6D4D}
		{0EB4998D-1601-47E0-B46D-FB70C8C6E023} = {B3CB0F4A-7AC8-4013-9A98-447B545B6D4D}
		{230C4BD3-BF00-4CC3-B3E6-A15F3F535055} = {B3CB0F4A-7AC8-4013-9A98-447B545B6D4D}
		{8D9202F7-A612-462B-9E99-D386B86B5BFF} = {5363B041-F638-4B18-8F1A-A0CB0DEFD3FE}
	EndGlobalSection
EndGlobal
